<?xml version="1.0" encoding="UTF-8" standalone="yes" ?>
<CodeBlocks_project_file>
	<FileVersion major="1" minor="6" />
	<Project>
		<Option title="xSchedule" />
		<Option pch_mode="0" />
		<Option compiler="gcc" />
		<Build>
			<Target title="MinGW_Debug">
				<Option platforms="Windows;" />
				<Option output="../bin/xSchedule" prefix_auto="1" extension_auto="1" />
				<Option object_output=".objs_wd32" />
				<Option type="0" />
				<Option compiler="gcc" />
				<Option projectLinkerOptionsRelation="2" />
				<Compiler>
					<Add option="-march=i586" />
					<Add option="-pedantic" />
					<Add option="-std=c++1z" />
					<Add option="-g" />
					<Add option="-pipe" />
					<Add option="-mthreads" />
					<Add option="-fno-keep-inline-dllexport" />
					<Add option='[[if ((GetCompilerFactory().GetCompilerVersionString(_T(&quot;gcc&quot;)) &gt;= _T(&quot;4.0.0&quot;))) print(_T(&quot;-Wno-attributes&quot;));]]' />
					<Add option="-D__GNUWIN32__" />
					<Add option="-D__WXMSW__" />
					<Add option="-DWXUSINGDLL" />
					<Add option="-D__WXDEBUG__" />
					<Add option="-D_USE_MATH_DEFINES" />
					<Add directory="$(#wx)/lib/gcc_dll/mswud" />
					<Add directory="$(#wx)/include" />
					<Add directory="include" />
					<Add directory="../xSchedule" />
					<Add directory="../xLights/ffmpeg-dev/include" />
					<Add directory="../include" />
					<Add directory="../xLights" />
				</Compiler>
				<ResourceCompiler>
					<Add directory="$(#wx)/include" />
					<Add directory="$(#wx)/lib/gcc_dll/mswud" />
				</ResourceCompiler>
				<Linker>
					<Add option="-mthreads" />
					<Add option="-lopengl32" />
					<Add option="-Wl,-Map=../bin/xSchedule.map" />
					<Add option="-Wl,--large-address-aware" />
					<Add option="-lz" />
					<Add library="libwxmsw33ud.a" />
					<Add library="libwxmsw33ud_gl.a" />
					<Add library="../lib/windows/avcodec.lib" />
					<Add library="../lib/windows/avformat.lib" />
					<Add library="../lib/windows/avutil.lib" />
					<Add library="../lib/windows/libSDL2.dll.a" />
					<Add library="../lib/windows/swresample.lib" />
					<Add library="../lib/windows/swscale.lib" />
					<Add library="../lib/windows/liblog4cpp.lib" />
					<Add library="../lib/windows/DbgHelp.Lib" />
					<Add library="../lib/windows/iphlpapi.lib" />
					<Add library="../lib/windows/Ws2_32.lib" />
					<Add library="../lib/windows/libportmidi.a" />
					<Add library="../lib/windows/libzstd_static.lib" />
					<Add library="../lib/windows/libcurl.lib" />
					<Add library="libwinmm.a" />
					<Add directory="$(#wx)/lib/gcc_dll" />
				</Linker>
			</Target>
			<Target title="MinGW_Release">
				<Option platforms="Windows;" />
				<Option output="../bin/xSchedule" prefix_auto="1" extension_auto="1" />
				<Option object_output=".objs_wr32" />
				<Option type="0" />
				<Option compiler="gcc" />
				<Option projectLinkerOptionsRelation="2" />
				<Compiler>
					<Add option="-march=i586" />
					<Add option="-O2" />
					<Add option="-pedantic" />
					<Add option="-std=c++1z" />
					<Add option="-m32" />
					<Add option="-pipe" />
					<Add option="-mthreads" />
					<Add option="-static-libgcc" />
					<Add option="-fno-keep-inline-dllexport" />
					<Add option='[[if ((GetCompilerFactory().GetCompilerVersionString(_T(&quot;gcc&quot;)) &gt;= _T(&quot;4.0.0&quot;))) print(_T(&quot;-Wno-attributes&quot;));]]' />
					<Add option="-D__GNUWIN32__" />
					<Add option="-D__WXMSW__" />
					<Add option="-DWXUSINGDLL" />
					<Add option="-DNDEBUG" />
					<Add option="-D_USE_MATH_DEFINES" />
					<Add directory="$(#wx)/lib/gcc_dll/mswu" />
					<Add directory="include" />
					<Add directory="../xSchedule" />
					<Add directory="../xLights/ffmpeg-dev/include" />
					<Add directory="../include" />
					<Add directory="../xLights" />
					<Add directory="$(#wx)/include" />
				</Compiler>
				<ResourceCompiler>
					<Add directory="$(#wx)/include" />
					<Add directory="$(#wx)/lib/gcc_dll/mswu" />
				</ResourceCompiler>
				<Linker>
					<Add option="-O2" />
					<Add option="-s" />
					<Add option="-m32" />
					<Add option="-lopengl32" />
					<Add option="-Wl,-Map=../bin/xSchedule.map" />
					<Add option="-Wl,--large-address-aware" />
					<Add option="-lpthread" />
					<Add option="-lole32" />
					<Add library="../lib/windows/avcodec.lib" />
					<Add library="../lib/windows/avformat.lib" />
					<Add library="../lib/windows/avutil.lib" />
					<Add library="../lib/windows/imagehlp.lib" />
					<Add library="../lib/windows/iphlpapi.lib" />
					<Add library="../lib/windows/liblog4cpp.lib" />
					<Add library="../lib/windows/libportmidi.a" />
					<Add library="../lib/windows/libSDL2.dll.a" />
					<Add library="../lib/windows/libzstd_static.lib" />
					<Add library="libwinmm.a" />
					<Add library="../lib/windows/libwxmsw33u_gl.a" />
					<Add library="../lib/windows/swresample.lib" />
					<Add library="../lib/windows/swscale.lib" />
					<Add library="../lib/windows/Ws2_32.lib" />
					<Add library="../lib/windows/libcurl.lib" />
					<Add library="psapi" />
					<Add library="../lib/windows/libz.a" />
					<Add library="../lib/windows/libwxbase33u.a" />
					<Add library="../lib/windows/libwxbase33u_net.a" />
					<Add library="../lib/windows/libwxmsw33u_core.a" />
					<Add library="../lib/windows/libwxscintilla.a" />
					<Add library="../lib/windows/libwxregexu.a" />
					<Add library="../lib/windows/libwxbase33u_xml.a" />
					<Add library="../lib/windows/libwxtiff.a" />
					<Add library="../lib/windows/libwxjpeg.a" />
					<Add library="../lib/windows/libwxpng.a" />
					<Add library="../lib/windows/libwxzlib.a" />
					<Add library="../lib/windows/libwxmsw33u_qa.a" />
					<Add library="../lib/windows/libwxexpat.a" />
					<Add library="../lib/windows/libltc.a" />
					<Add directory="../lib/windows" />
				</Linker>
			</Target>
			<Target title="Linux_Debug">
				<Option platforms="Unix;" />
				<Option output="../bin/xSchedule" prefix_auto="1" extension_auto="1" />
				<Option object_output=".objs_ld" />
				<Option type="0" />
				<Option compiler="gcc" />
				<Option projectLinkerOptionsRelation="2" />
				<Compiler>
					<Add option="-Wall" />
					<Add option="-g" />
					<Add option="-std=c++1z" />
					<Add option="`wx-config --version=3.3 --cflags`" />
					<Add option="`pkg-config --cflags libavformat libavcodec libavutil  libswresample libswscale`" />
					<Add option="`pkg-config --cflags gstreamer-1.0 gstreamer-video-1.0`" />
					<Add option="-Winvalid-pch" />
					<Add option="-DWX_PRECOMP" />
					<Add option="-DLINUX" />
					<Add option="-D__WXDEBUG__" />
					<Add option='-D__cdecl=&quot;&quot;' />
					<Add directory="include" />
					<Add directory="../xSchedule" />
					<Add directory="../include" />
					<Add directory="../xLights" />
				</Compiler>
				<Linker>
					<Add option="-lGL -lGLU -lglut -ldl -lX11 -lz -lzstd -lcurl" />
					<Add option="`pkg-config --libs libavformat libavcodec libavutil  libswresample libswscale`" />
					<Add option="`pkg-config --libs log4cpp`" />
					<Add option="-lltc" />
					<Add option="`sdl2-config --libs`" />
					<Add option="`wx-config --version=3.3 --libs std,media,gl,aui,propgrid`" />
					<Add option="`pkg-config --libs gstreamer-1.0 gstreamer-video-1.0`" />
					<Add option="-lexpat" />
					<Add option="-lporttime -lportmidi" />
					<Add option="-rdynamic" />
				</Linker>
			</Target>
			<Target title="Linux_Release">
				<Option platforms="Unix;" />
				<Option output="../bin/xSchedule" prefix_auto="1" extension_auto="1" />
				<Option object_output=".objs_lr" />
				<Option type="0" />
				<Option compiler="gcc" />
				<Option projectLinkerOptionsRelation="2" />
				<Compiler>
					<Add option="-O2" />
					<Add option="-Wall" />
					<Add option="-std=c++1z" />
					<Add option="`wx-config --version=3.3 --cflags`" />
					<Add option="`pkg-config --cflags gstreamer-1.0 gstreamer-video-1.0`" />
					<Add option="`pkg-config --cflags libavformat libavcodec libavutil  libswresample libswscale`" />
					<Add option="-Winvalid-pch" />
					<Add option="-DWX_PRECOMP" />
					<Add option="-DLINUX" />
					<Add option="-DNDEBUG" />
					<Add option="-D__cdecl=&apos;&apos;" />
					<Add directory="include" />
					<Add directory="../xSchedule" />
					<Add directory="../include" />
					<Add directory="../xLights" />
				</Compiler>
				<Linker>
					<Add option="-lGL -lGLU -lglut -ldl -lX11 -lz -lzstd -lcurl" />
					<Add option="`pkg-config --libs libavformat libavcodec libavutil  libswresample libswscale`" />
					<Add option="`pkg-config --libs log4cpp`" />
					<Add option="-lltc" />
					<Add option="`sdl2-config --libs`" />
					<Add option="`wx-config --version=3.3 --libs std,media,gl,aui,propgrid`" />
					<Add option="`pkg-config --libs gstreamer-1.0 gstreamer-video-1.0`" />
					<Add option="-lexpat" />
					<Add option="-lporttime -lportmidi" />
					<Add option="-rdynamic" />
				</Linker>
			</Target>
			<Target title="64bit_MinGW_Release">
				<Option platforms="Windows;" />
				<Option output="../bin64/xSchedule" prefix_auto="1" extension_auto="1" />
				<Option object_output=".objs_wr64" />
				<Option type="0" />
				<Option compiler="gnu_gcc_64bit_compiler" />
				<Option projectLinkerOptionsRelation="2" />
				<Compiler>
					<Add option="-O2" />
					<Add option="-pedantic" />
					<Add option="-std=c++1z" />
					<Add option="-m64" />
					<Add option="-pipe" />
					<Add option="-mthreads" />
					<Add option="-static-libgcc" />
					<Add option="-fno-keep-inline-dllexport" />
					<Add option='[[if ((GetCompilerFactory().GetCompilerVersionString(_T(&quot;gcc&quot;)) &gt;= _T(&quot;4.0.0&quot;))) print(_T(&quot;-Wno-attributes&quot;));]]' />
					<Add option="-D__GNUWIN32__" />
					<Add option="-D__WXMSW__" />
					<Add option="-DWXUSINGDLL" />
					<Add option="-DNDEBUG" />
					<Add option="-D_USE_MATH_DEFINES" />
					<Add directory="include" />
					<Add directory="../xSchedule" />
					<Add directory="../xLights/ffmpeg-dev/include" />
					<Add directory="../include" />
					<Add directory="../xLights" />
					<Add directory="$(#wx)/lib/gcc_dll/mswu" />
					<Add directory="$(#wx)/include" />
				</Compiler>
				<ResourceCompiler>
					<Add directory="$(#wx)/include" />
					<Add directory="$(#wx)/lib/gcc_dll/mswu" />
				</ResourceCompiler>
				<Linker>
					<Add option="-O2" />
					<Add option="-s" />
					<Add option="-m64" />
					<Add option="-lole32" />
					<Add option="-Wl,-Map=../bin64/xSchedule.map" />
					<Add option="-lpthread" />
					<Add library="../lib/windows64/avcodec.lib" />
					<Add library="../lib/windows64/avformat.lib" />
					<Add library="../lib/windows64/avutil.lib" />
					<Add library="../lib/windows64/iphlpapi.lib" />
					<Add library="../lib/windows64/libimagehlp.a" />
					<Add library="../lib/windows64/liblog4cpp.a" />
					<Add library="../lib/windows64/libportmidi.a" />
					<Add library="../lib/windows64/libSDL2.dll.a" />
					<Add library="libwinmm.a" />
					<Add library="../lib/windows64/libwxmsw33u_gl.a" />
					<Add library="../lib/windows64/swresample.lib" />
					<Add library="../lib/windows64/swscale.lib" />
					<Add library="../lib/windows64/Ws2_32.lib" />
					<Add library="../lib/windows64/libzstd_static.lib" />
					<Add library="../lib/windows64/libcurl.lib" />
					<Add library="psapi" />
					<Add library="../lib/windows64/libz.a" />
					<Add library="../lib/windows64/libwxbase33u.a" />
					<Add library="../lib/windows64/libwxbase33u_net.a" />
					<Add library="../lib/windows64/libwxmsw33u_core.a" />
					<Add library="../lib/windows64/libwxscintilla.a" />
					<Add library="../lib/windows64/libwxregexu.a" />
					<Add library="../lib/windows64/libwxbase33u_xml.a" />
					<Add library="../lib/windows64/libwxtiff.a" />
					<Add library="../lib/windows64/libwxjpeg.a" />
					<Add library="../lib/windows64/libwxpng.a" />
					<Add library="../lib/windows64/libwxzlib.a" />
					<Add library="../lib/windows64/libwxmsw33u_qa.a" />
					<Add library="../lib/windows64/libwxexpat.a" />
					<Add library="../lib/windows64/libltc.a" />
					<Add directory="../lib/windows64" />
				</Linker>
			</Target>
		</Build>
		<Compiler>
			<Add option="-fno-strict-aliasing" />
			<Add option="-Wno-unused-local-typedefs" />
			<Add option="-DwxUSE_UNICODE" />
			<Add option="-DEXCLUDENETWORKUI" />
			<Add option="-DDISCOVERYONLY" />
		</Compiler>
		<ResourceCompiler>
			<Add directory="$(#wx)/include" />
		</ResourceCompiler>
		<Unit filename="../common/xlBaseApp.cpp" />
		<Unit filename="../common/xlBaseApp.h" />
		<Unit filename="../common/xlStackWalker.h" />
		<Unit filename="../xLights/AudioManager.cpp" />
		<Unit filename="../xLights/AudioManager.h" />
		<Unit filename="../xLights/Discovery.cpp" />
		<Unit filename="../xLights/Discovery.h" />
		<Unit filename="../xLights/ExternalHooks.h" />
		<Unit filename="../xLights/FSEQFile.cpp" />
		<Unit filename="../xLights/FSEQFile.h" />
		<Unit filename="../xLights/JobPool.cpp" />
		<Unit filename="../xLights/JobPool.h" />
		<Unit filename="../xLights/Parallel.cpp" />
		<Unit filename="../xLights/Parallel.h" />
		<Unit filename="../xLights/SequenceData.cpp" />
		<Unit filename="../xLights/TraceLog.cpp" />
		<Unit filename="../xLights/TraceLog.h" />
		<Unit filename="../xLights/UtilFunctions.cpp" />
		<Unit filename="../xLights/UtilFunctions.h" />
		<Unit filename="../xLights/VideoReader.cpp" />
		<Unit filename="../xLights/VideoReader.h" />
		<Unit filename="../xLights/controllers/BaseController.cpp" />
		<Unit filename="../xLights/controllers/BaseController.h" />
		<Unit filename="../xLights/controllers/ControllerCaps.cpp" />
		<Unit filename="../xLights/controllers/ControllerCaps.h" />
		<Unit filename="../xLights/controllers/Falcon.cpp" />
		<Unit filename="../xLights/controllers/Falcon.h" />
		<Unit filename="../xLights/effects/GIFImage.cpp" />
		<Unit filename="../xLights/effects/GIFImage.h" />
		<Unit filename="../xLights/kiss_fft/kiss_fft.c">
			<Option compilerVar="CC" />
		</Unit>
		<Unit filename="../xLights/kiss_fft/tools/kiss_fftr.c">
			<Option compilerVar="CC" />
		</Unit>
		<Unit filename="../xLights/outputs/ArtNetDialog.h" />
		<Unit filename="../xLights/outputs/ArtNetOutput.cpp" />
		<Unit filename="../xLights/outputs/ArtNetOutput.h" />
		<Unit filename="../xLights/outputs/Controller.cpp" />
		<Unit filename="../xLights/outputs/Controller.h" />
		<Unit filename="../xLights/outputs/ControllerEthernet.cpp" />
		<Unit filename="../xLights/outputs/ControllerEthernet.h" />
		<Unit filename="../xLights/outputs/ControllerNull.cpp" />
		<Unit filename="../xLights/outputs/ControllerNull.h" />
		<Unit filename="../xLights/outputs/ControllerSerial.cpp" />
		<Unit filename="../xLights/outputs/ControllerSerial.h" />
		<Unit filename="../xLights/outputs/DDPDialog.h" />
		<Unit filename="../xLights/outputs/DDPOutput.cpp" />
		<Unit filename="../xLights/outputs/DDPOutput.h" />
		<Unit filename="../xLights/outputs/DLightOutput.h" />
		<Unit filename="../xLights/outputs/DMXOutput.cpp" />
		<Unit filename="../xLights/outputs/DMXOutput.h" />
		<Unit filename="../xLights/outputs/E131Dialog.h" />
		<Unit filename="../xLights/outputs/E131Output.cpp" />
		<Unit filename="../xLights/outputs/E131Output.h" />
		<Unit filename="../xLights/outputs/GenericSerialOutput.cpp" />
		<Unit filename="../xLights/outputs/GenericSerialOutput.h" />
		<Unit filename="../xLights/outputs/IPOutput.cpp" />
		<Unit filename="../xLights/outputs/IPOutput.h" />
		<Unit filename="../xLights/outputs/KinetOutput.cpp" />
		<Unit filename="../xLights/outputs/KinetOutput.h" />
		<Unit filename="../xLights/outputs/LOROptimisedDialog.h" />
		<Unit filename="../xLights/outputs/LOROptimisedOutput.cpp" />
		<Unit filename="../xLights/outputs/LOROptimisedOutput.h" />
		<Unit filename="../xLights/outputs/LOROutput.cpp" />
		<Unit filename="../xLights/outputs/LOROutput.h" />
		<Unit filename="../xLights/outputs/LorController.cpp" />
		<Unit filename="../xLights/outputs/LorController.h" />
		<Unit filename="../xLights/outputs/LorControllerDialog.h" />
		<Unit filename="../xLights/outputs/LorControllers.cpp" />
		<Unit filename="../xLights/outputs/LorControllers.h" />
		<Unit filename="../xLights/outputs/NullOutput.cpp" />
		<Unit filename="../xLights/outputs/NullOutput.h" />
		<Unit filename="../xLights/outputs/NullOutputDialog.h" />
		<Unit filename="../xLights/outputs/OPCOutput.cpp" />
		<Unit filename="../xLights/outputs/OPCOutput.h" />
		<Unit filename="../xLights/outputs/OpenDMXOutput.cpp" />
		<Unit filename="../xLights/outputs/OpenDMXOutput.h" />
		<Unit filename="../xLights/outputs/OpenPixelNetOutput.cpp" />
		<Unit filename="../xLights/outputs/OpenPixelNetOutput.h" />
		<Unit filename="../xLights/outputs/Output.cpp" />
		<Unit filename="../xLights/outputs/Output.h" />
		<Unit filename="../xLights/outputs/OutputManager.cpp" />
		<Unit filename="../xLights/outputs/OutputManager.h" />
		<Unit filename="../xLights/outputs/PixelNetOutput.cpp" />
		<Unit filename="../xLights/outputs/PixelNetOutput.h" />
		<Unit filename="../xLights/outputs/RenardOutput.cpp" />
		<Unit filename="../xLights/outputs/RenardOutput.h" />
		<Unit filename="../xLights/outputs/SerialOutput.cpp" />
		<Unit filename="../xLights/outputs/SerialOutput.h" />
		<Unit filename="../xLights/outputs/SerialPortWithRate.h" />
		<Unit filename="../xLights/outputs/TestPreset.cpp" />
		<Unit filename="../xLights/outputs/TestPreset.h" />
		<Unit filename="../xLights/outputs/TwinklyOutput.cpp" />
		<Unit filename="../xLights/outputs/TwinklyOutput.h" />
		<Unit filename="../xLights/outputs/ZCPPDialog.h" />
		<Unit filename="../xLights/outputs/ZCPPOutput.cpp" />
		<Unit filename="../xLights/outputs/ZCPPOutput.h" />
		<Unit filename="../xLights/outputs/serial.cpp" />
		<Unit filename="../xLights/outputs/serial.h" />
		<Unit filename="../xLights/outputs/xxxEthernetOutput.cpp" />
		<Unit filename="../xLights/outputs/xxxEthernetOutput.h" />
		<Unit filename="../xLights/outputs/xxxSerialOutput.cpp" />
		<Unit filename="../xLights/outputs/xxxSerialOutput.h" />
        <Unit filename="../xLights/utils/Curl.cpp" />
        <Unit filename="../xLights/utils/Curl.h" />
		<Unit filename="../xLights/utils/ip_utils.cpp" />
		<Unit filename="../xLights/utils/ip_utils.h" />
		<Unit filename="../xLights/utils/string_utils.cpp" />
		<Unit filename="../xLights/utils/string_utils.h" />
		<Unit filename="../xLights/vamp-hostsdk/Files.cpp" />
		<Unit filename="../xLights/vamp-hostsdk/PluginBufferingAdapter.cpp" />
		<Unit filename="../xLights/vamp-hostsdk/PluginChannelAdapter.cpp" />
		<Unit filename="../xLights/vamp-hostsdk/PluginHostAdapter.cpp" />
		<Unit filename="../xLights/vamp-hostsdk/PluginInputDomainAdapter.cpp" />
		<Unit filename="../xLights/vamp-hostsdk/PluginLoader.cpp" />
		<Unit filename="../xLights/vamp-hostsdk/PluginWrapper.cpp" />
		<Unit filename="../xLights/vamp-hostsdk/RealTime.cpp" />
		<Unit filename="../xLights/xLightsTimer.cpp" />
		<Unit filename="../xLights/xLightsTimer.h" />
		<Unit filename="../xLights/xLightsVersion.cpp" />
		<Unit filename="AddReverseDialog.cpp" />
		<Unit filename="AddReverseDialog.h" />
		<Unit filename="BackgroundPlaylistDialog.cpp" />
		<Unit filename="BackgroundPlaylistDialog.h" />
		<Unit filename="Blend.cpp" />
		<Unit filename="Blend.h" />
		<Unit filename="ButtonDetailsDialog.cpp" />
		<Unit filename="ButtonDetailsDialog.h" />
		<Unit filename="City.cpp" />
		<Unit filename="City.h" />
		<Unit filename="ColourOrderDialog.cpp" />
		<Unit filename="ColourOrderDialog.h" />
		<Unit filename="CommandManager.cpp" />
		<Unit filename="CommandManager.h" />
		<Unit filename="ConfigureMIDITimecodeDialog.cpp" />
		<Unit filename="ConfigureMIDITimecodeDialog.h" />
		<Unit filename="ConfigureOSC.cpp" />
		<Unit filename="ConfigureOSC.h" />
		<Unit filename="ConfigureTest.cpp" />
		<Unit filename="ConfigureTest.h" />
		<Unit filename="Control.h" />
		<Unit filename="DeadChannelDialog.cpp" />
		<Unit filename="DeadChannelDialog.h" />
		<Unit filename="DimDialog.cpp" />
		<Unit filename="DimDialog.h" />
		<Unit filename="DimWhiteDialog.cpp" />
		<Unit filename="DimWhiteDialog.h" />
		<Unit filename="ESEQFile.cpp" />
		<Unit filename="ESEQFile.h" />
		<Unit filename="EventARTNetPanel.cpp" />
		<Unit filename="EventARTNetPanel.h" />
		<Unit filename="EventARTNetTriggerPanel.cpp" />
		<Unit filename="EventARTNetTriggerPanel.h" />
		<Unit filename="EventDataPanel.cpp" />
		<Unit filename="EventDataPanel.h" />
		<Unit filename="EventDialog.cpp" />
		<Unit filename="EventDialog.h" />
		<Unit filename="EventE131Panel.cpp" />
		<Unit filename="EventE131Panel.h" />
		<Unit filename="EventFPPPanel.cpp" />
		<Unit filename="EventFPPPanel.h" />
		<Unit filename="EventFPPCommandPresetPanel.cpp" />
		<Unit filename="EventFPPCommandPresetPanel.h" />
		<Unit filename="EventLorPanel.cpp" />
		<Unit filename="EventLorPanel.h" />
		<Unit filename="EventMIDIPanel.cpp" />
		<Unit filename="EventMIDIPanel.h" />
		<Unit filename="EventMQTTPanel.cpp" />
		<Unit filename="EventMQTTPanel.h" />
		<Unit filename="EventOSCPanel.cpp" />
		<Unit filename="EventOSCPanel.h" />
		<Unit filename="EventPingPanel.cpp" />
		<Unit filename="EventPingPanel.h" />
		<Unit filename="EventSerialPanel.cpp" />
		<Unit filename="EventSerialPanel.h" />
		<Unit filename="EventStatePanel.cpp" />
		<Unit filename="EventStatePanel.h" />
		<Unit filename="EventsDialog.cpp" />
		<Unit filename="EventsDialog.h" />
		<Unit filename="ExcludeDimDialog.cpp" />
		<Unit filename="ExcludeDimDialog.h" />
		<Unit filename="ExtraIPDialog.cpp" />
		<Unit filename="ExtraIPDialog.h" />
		<Unit filename="ExtraIPsDialog.cpp" />
		<Unit filename="ExtraIPsDialog.h" />
		<Unit filename="FPPRemotesDialog.cpp" />
		<Unit filename="FPPRemotesDialog.h" />
		<Unit filename="GammaDialog.cpp" />
		<Unit filename="GammaDialog.h" />
		<Unit filename="MatricesDialog.cpp" />
		<Unit filename="MatricesDialog.h" />
		<Unit filename="MatrixDialog.cpp" />
		<Unit filename="MatrixDialog.h" />
		<Unit filename="MatrixMapper.cpp" />
		<Unit filename="MatrixMapper.h" />
		<Unit filename="OSCPacket.cpp" />
		<Unit filename="OSCPacket.h" />
		<Unit filename="OptionsDialog.cpp" />
		<Unit filename="OptionsDialog.h" />
		<Unit filename="OutputProcess.cpp" />
		<Unit filename="OutputProcessColourOrder.cpp" />
		<Unit filename="OutputProcessDeadChannel.cpp" />
		<Unit filename="OutputProcessDeadChannel.h" />
		<Unit filename="OutputProcessDim.cpp" />
		<Unit filename="OutputProcessDimWhite.cpp" />
		<Unit filename="OutputProcessExcludeDim.cpp" />
		<Unit filename="OutputProcessGamma.cpp" />
		<Unit filename="OutputProcessGamma.h" />
		<Unit filename="OutputProcessRemap.cpp" />
		<Unit filename="OutputProcessReverse.cpp" />
		<Unit filename="OutputProcessSet.cpp" />
		<Unit filename="OutputProcessSustain.cpp" />
		<Unit filename="OutputProcessSustain.h" />
		<Unit filename="OutputProcessThreeToFour.cpp" />
		<Unit filename="OutputProcessThreeToFour.h" />
		<Unit filename="OutputProcessingDialog.cpp" />
		<Unit filename="OutputProcessingDialog.h" />
		<Unit filename="Pinger.cpp" />
		<Unit filename="Pinger.h" />
		<Unit filename="PlayList/PlayList.cpp" />
		<Unit filename="PlayList/PlayList.h" />
		<Unit filename="PlayList/PlayListDialog.cpp" />
		<Unit filename="PlayList/PlayListDialog.h" />
		<Unit filename="PlayList/PlayListItem.cpp" />
		<Unit filename="PlayList/PlayListItem.h" />
		<Unit filename="PlayList/PlayListItemARTNetTrigger.cpp" />
		<Unit filename="PlayList/PlayListItemARTNetTrigger.h" />
		<Unit filename="PlayList/PlayListItemARTNetTriggerPanel.cpp" />
		<Unit filename="PlayList/PlayListItemARTNetTriggerPanel.h" />
		<Unit filename="PlayList/PlayListItemAllOff.cpp" />
		<Unit filename="PlayList/PlayListItemAllOff.h" />
		<Unit filename="PlayList/PlayListItemAllOffPanel.cpp" />
		<Unit filename="PlayList/PlayListItemAllOffPanel.h" />
		<Unit filename="PlayList/PlayListItemAudio.cpp" />
		<Unit filename="PlayList/PlayListItemAudio.h" />
		<Unit filename="PlayList/PlayListItemAudioPanel.cpp" />
		<Unit filename="PlayList/PlayListItemAudioPanel.h" />
		<Unit filename="PlayList/PlayListItemCURL.cpp" />
		<Unit filename="PlayList/PlayListItemCURL.h" />
		<Unit filename="PlayList/PlayListItemCURLPanel.cpp" />
		<Unit filename="PlayList/PlayListItemCURLPanel.h" />
		<Unit filename="PlayList/PlayListItemColourOrgan.cpp" />
		<Unit filename="PlayList/PlayListItemColourOrgan.h" />
		<Unit filename="PlayList/PlayListItemColourOrganPanel.cpp" />
		<Unit filename="PlayList/PlayListItemColourOrganPanel.h" />
		<Unit filename="PlayList/PlayListItemDelay.cpp" />
		<Unit filename="PlayList/PlayListItemDelay.h" />
		<Unit filename="PlayList/PlayListItemDelayPanel.cpp" />
		<Unit filename="PlayList/PlayListItemDelayPanel.h" />
		<Unit filename="PlayList/PlayListItemDim.cpp" />
		<Unit filename="PlayList/PlayListItemDim.h" />
		<Unit filename="PlayList/PlayListItemDimPanel.cpp" />
		<Unit filename="PlayList/PlayListItemDimPanel.h" />
		<Unit filename="PlayList/PlayListItemESEQ.cpp" />
		<Unit filename="PlayList/PlayListItemESEQ.h" />
		<Unit filename="PlayList/PlayListItemESEQPanel.cpp" />
		<Unit filename="PlayList/PlayListItemESEQPanel.h" />
		<Unit filename="PlayList/PlayListItemFPPEvent.cpp" />
		<Unit filename="PlayList/PlayListItemFPPEvent.h" />
		<Unit filename="PlayList/PlayListItemFPPEventPanel.cpp" />
		<Unit filename="PlayList/PlayListItemFPPEventPanel.h" />
		<Unit filename="PlayList/PlayListItemFSEQ.cpp" />
		<Unit filename="PlayList/PlayListItemFSEQ.h" />
		<Unit filename="PlayList/PlayListItemFSEQPanel.cpp" />
		<Unit filename="PlayList/PlayListItemFSEQPanel.h" />
		<Unit filename="PlayList/PlayListItemFSEQVideo.cpp" />
		<Unit filename="PlayList/PlayListItemFSEQVideo.h" />
		<Unit filename="PlayList/PlayListItemFSEQVideoPanel.cpp" />
		<Unit filename="PlayList/PlayListItemFSEQVideoPanel.h" />
		<Unit filename="PlayList/PlayListItemFade.cpp" />
		<Unit filename="PlayList/PlayListItemFade.h" />
		<Unit filename="PlayList/PlayListItemFadePanel.cpp" />
		<Unit filename="PlayList/PlayListItemFadePanel.h" />
		<Unit filename="PlayList/PlayListItemFile.cpp" />
		<Unit filename="PlayList/PlayListItemFile.h" />
		<Unit filename="PlayList/PlayListItemFilePanel.cpp" />
		<Unit filename="PlayList/PlayListItemFilePanel.h" />
		<Unit filename="PlayList/PlayListItemImage.cpp" />
		<Unit filename="PlayList/PlayListItemImage.h" />
		<Unit filename="PlayList/PlayListItemImagePanel.cpp" />
		<Unit filename="PlayList/PlayListItemImagePanel.h" />
		<Unit filename="PlayList/PlayListItemJukebox.cpp" />
		<Unit filename="PlayList/PlayListItemJukebox.h" />
		<Unit filename="PlayList/PlayListItemJukeboxPanel.cpp" />
		<Unit filename="PlayList/PlayListItemJukeboxPanel.h" />
		<Unit filename="PlayList/PlayListItemMIDI.cpp" />
		<Unit filename="PlayList/PlayListItemMIDI.h" />
		<Unit filename="PlayList/PlayListItemMIDIPanel.cpp" />
		<Unit filename="PlayList/PlayListItemMIDIPanel.h" />
		<Unit filename="PlayList/PlayListItemMQTT.cpp" />
		<Unit filename="PlayList/PlayListItemMQTT.h" />
		<Unit filename="PlayList/PlayListItemMQTTPanel.cpp" />
		<Unit filename="PlayList/PlayListItemMQTTPanel.h" />
		<Unit filename="PlayList/PlayListItemMicrophone.cpp" />
		<Unit filename="PlayList/PlayListItemMicrophone.h" />
		<Unit filename="PlayList/PlayListItemMicrophonePanel.cpp" />
		<Unit filename="PlayList/PlayListItemMicrophonePanel.h" />
		<Unit filename="PlayList/PlayListItemOSC.cpp" />
		<Unit filename="PlayList/PlayListItemOSC.h" />
		<Unit filename="PlayList/PlayListItemOSCPanel.cpp" />
		<Unit filename="PlayList/PlayListItemOSCPanel.h" />
		<Unit filename="PlayList/PlayListItemPlugin.cpp" />
		<Unit filename="PlayList/PlayListItemPlugin.h" />
		<Unit filename="PlayList/PlayListItemPluginPanel.cpp" />
		<Unit filename="PlayList/PlayListItemPluginPanel.h" />
		<Unit filename="PlayList/PlayListItemProjector.cpp" />
		<Unit filename="PlayList/PlayListItemProjector.h" />
		<Unit filename="PlayList/PlayListItemProjectorPanel.cpp" />
		<Unit filename="PlayList/PlayListItemProjectorPanel.h" />
		<Unit filename="PlayList/PlayListItemRDS.cpp" />
		<Unit filename="PlayList/PlayListItemRDS.h" />
		<Unit filename="PlayList/PlayListItemRDSPanel.cpp" />
		<Unit filename="PlayList/PlayListItemRDSPanel.h" />
		<Unit filename="PlayList/PlayListItemRunCommand.cpp" />
		<Unit filename="PlayList/PlayListItemRunCommand.h" />
		<Unit filename="PlayList/PlayListItemRunCommandPanel.cpp" />
		<Unit filename="PlayList/PlayListItemRunCommandPanel.h" />
		<Unit filename="PlayList/PlayListItemRunProcess.cpp" />
		<Unit filename="PlayList/PlayListItemRunProcess.h" />
		<Unit filename="PlayList/PlayListItemRunProcessPanel.cpp" />
		<Unit filename="PlayList/PlayListItemRunProcessPanel.h" />
		<Unit filename="PlayList/PlayListItemScreenMap.cpp" />
		<Unit filename="PlayList/PlayListItemScreenMap.h" />
		<Unit filename="PlayList/PlayListItemScreenMapPanel.cpp" />
		<Unit filename="PlayList/PlayListItemScreenMapPanel.h" />
		<Unit filename="PlayList/PlayListItemSerial.cpp" />
		<Unit filename="PlayList/PlayListItemSerial.h" />
		<Unit filename="PlayList/PlayListItemSerialPanel.cpp" />
		<Unit filename="PlayList/PlayListItemSerialPanel.h" />
		<Unit filename="PlayList/PlayListItemSetColour.cpp" />
		<Unit filename="PlayList/PlayListItemSetColour.h" />
		<Unit filename="PlayList/PlayListItemSetColourPanel.cpp" />
		<Unit filename="PlayList/PlayListItemSetColourPanel.h" />
		<Unit filename="PlayList/PlayListItemTest.cpp" />
		<Unit filename="PlayList/PlayListItemTest.h" />
		<Unit filename="PlayList/PlayListItemTestPanel.cpp" />
		<Unit filename="PlayList/PlayListItemTestPanel.h" />
		<Unit filename="PlayList/PlayListItemText.cpp" />
		<Unit filename="PlayList/PlayListItemText.h" />
		<Unit filename="PlayList/PlayListItemTextPanel.cpp" />
		<Unit filename="PlayList/PlayListItemTextPanel.h" />
		<Unit filename="PlayList/PlayListItemVideo.cpp" />
		<Unit filename="PlayList/PlayListItemVideo.h" />
		<Unit filename="PlayList/PlayListItemVideoPanel.cpp" />
		<Unit filename="PlayList/PlayListItemVideoPanel.h" />
		<Unit filename="PlayList/PlayListPanel.cpp" />
		<Unit filename="PlayList/PlayListPanel.h" />
		<Unit filename="PlayList/PlayListSimpleDialog.cpp" />
		<Unit filename="PlayList/PlayListSimpleDialog.h" />
		<Unit filename="PlayList/PlayListStep.cpp" />
		<Unit filename="PlayList/PlayListStep.h" />
		<Unit filename="PlayList/PlayListStepPanel.cpp" />
		<Unit filename="PlayList/PlayListStepPanel.h" />
		<Unit filename="PlayList/PlayerFrame.cpp" />
		<Unit filename="PlayList/PlayerFrame.h" />
		<Unit filename="PlayList/PlayerWindow.cpp" />
		<Unit filename="PlayList/PlayerWindow.h" />
		<Unit filename="PlayList/VideoWindowPositionDialog.cpp" />
		<Unit filename="PlayList/VideoWindowPositionDialog.h" />
		<Unit filename="PluginManager.cpp" />
		<Unit filename="PluginManager.h" />
		<Unit filename="RemapDialog.cpp" />
		<Unit filename="RemapDialog.h" />
		<Unit filename="RemoteModeConfigDialog.cpp" />
		<Unit filename="RemoteModeConfigDialog.h" />
		<Unit filename="RunningSchedule.cpp" />
		<Unit filename="RunningSchedule.h" />
		<Unit filename="Schedule.cpp" />
		<Unit filename="Schedule.h" />
		<Unit filename="ScheduleDialog.cpp" />
		<Unit filename="ScheduleDialog.h" />
		<Unit filename="ScheduleManager.cpp" />
		<Unit filename="ScheduleManager.h" />
		<Unit filename="ScheduleOptions.cpp" />
		<Unit filename="ScheduleOptions.h" />
		<Unit filename="SetDialog.cpp" />
		<Unit filename="SetDialog.h" />
		<Unit filename="SustainDialog.cpp" />
		<Unit filename="SustainDialog.h" />
		<Unit filename="SyncArtNet.cpp" />
		<Unit filename="SyncArtNet.h" />
		<Unit filename="SyncFPP.cpp" />
		<Unit filename="SyncFPP.h" />
		<Unit filename="SyncMIDI.cpp" />
		<Unit filename="SyncMIDI.h" />
		<Unit filename="SyncManager.cpp" />
		<Unit filename="SyncManager.h" />
		<Unit filename="SyncOSC.cpp" />
		<Unit filename="SyncOSC.h" />
		<Unit filename="SyncSMPTE.cpp" />
		<Unit filename="SyncSMPTE.h" />
		<Unit filename="ThreeToFourDialog.cpp" />
		<Unit filename="ThreeToFourDialog.h" />
		<Unit filename="UserButton.cpp" />
		<Unit filename="UserButton.h" />
		<Unit filename="VideoCache.cpp" />
		<Unit filename="VideoCache.h" />
		<Unit filename="VirtualMatricesDialog.cpp" />
		<Unit filename="VirtualMatricesDialog.h" />
		<Unit filename="VirtualMatrix.cpp" />
		<Unit filename="VirtualMatrix.h" />
		<Unit filename="VirtualMatrixDialog.cpp" />
		<Unit filename="VirtualMatrixDialog.h" />
		<Unit filename="WebServer.cpp" />
		<Unit filename="WebServer.h" />
		<Unit filename="Xyzzy.cpp" />
		<Unit filename="Xyzzy.h" />
		<Unit filename="events/EventARTNet.cpp" />
		<Unit filename="events/EventARTNet.h" />
		<Unit filename="events/EventARTNetTrigger.cpp" />
		<Unit filename="events/EventARTNetTrigger.h" />
		<Unit filename="events/EventBase.cpp" />
		<Unit filename="events/EventBase.h" />
		<Unit filename="events/EventData.cpp" />
		<Unit filename="events/EventData.h" />
		<Unit filename="events/EventE131.cpp" />
		<Unit filename="events/EventE131.h" />
		<Unit filename="events/EventFPP.cpp" />
		<Unit filename="events/EventFPP.h" />
		<Unit filename="events/EventFPPCommandPreset.cpp" />
		<Unit filename="events/EventFPPCommandPreset.h" />
		<Unit filename="events/EventLor.cpp" />
		<Unit filename="events/EventLor.h" />
		<Unit filename="events/EventMIDI.cpp" />
		<Unit filename="events/EventMIDI.h" />
		<Unit filename="events/EventMQTT.cpp" />
		<Unit filename="events/EventMQTT.h" />
		<Unit filename="events/EventOSC.cpp" />
		<Unit filename="events/EventOSC.h" />
		<Unit filename="events/EventPing.cpp" />
		<Unit filename="events/EventPing.h" />
		<Unit filename="events/EventSerial.cpp" />
		<Unit filename="events/EventSerial.h" />
		<Unit filename="events/EventState.cpp" />
		<Unit filename="events/EventState.h" />
		<Unit filename="events/ListenerARTNet.cpp" />
		<Unit filename="events/ListenerARTNet.h" />
		<Unit filename="events/ListenerBase.cpp" />
		<Unit filename="events/ListenerBase.h" />
		<Unit filename="events/ListenerCSVFPP.cpp" />
		<Unit filename="events/ListenerCSVFPP.h" />
		<Unit filename="events/ListenerE131.cpp" />
		<Unit filename="events/ListenerE131.h" />
		<Unit filename="events/ListenerFPP.cpp" />
		<Unit filename="events/ListenerFPP.h" />
		<Unit filename="events/ListenerLor.cpp" />
		<Unit filename="events/ListenerLor.h" />
		<Unit filename="events/ListenerMIDI.cpp" />
		<Unit filename="events/ListenerMIDI.h" />
		<Unit filename="events/ListenerMQTT.cpp" />
		<Unit filename="events/ListenerMQTT.h" />
		<Unit filename="events/ListenerManager.cpp" />
		<Unit filename="events/ListenerManager.h" />
		<Unit filename="events/ListenerOSC.cpp" />
		<Unit filename="events/ListenerOSC.h" />
		<Unit filename="events/ListenerSMPTE.cpp" />
		<Unit filename="events/ListenerSMPTE.h" />
		<Unit filename="events/ListenerSerial.cpp" />
		<Unit filename="events/ListenerSerial.h" />
		<Unit filename="md5.cpp" />
		<Unit filename="md5.h" />
		<Unit filename="resource.rc">
			<Option compilerVar="WINDRES" />
			<Option target="MinGW_Debug" />
			<Option target="MinGW_Release" />
			<Option target="64bit_MinGW_Release" />
		</Unit>
		<Unit filename="wxHTTPServer/connection.cpp" />
		<Unit filename="wxHTTPServer/context.cpp" />
		<Unit filename="wxHTTPServer/message.cpp" />
		<Unit filename="wxHTTPServer/pages.cpp" />
		<Unit filename="wxHTTPServer/request.cpp" />
		<Unit filename="wxHTTPServer/response.cpp" />
		<Unit filename="wxHTTPServer/server.cpp" />
		<Unit filename="wxHTTPServer/sha1.cpp" />
		<Unit filename="wxHTTPServer/sha1.h" />
		<Unit filename="wxHTTPServer/status.cpp" />
		<Unit filename="wxHTTPServer/wxhttpserver.h" />
		<Unit filename="wxJSON/jsonreader.cpp" />
		<Unit filename="wxJSON/jsonreader.h" />
		<Unit filename="wxJSON/jsonval.cpp" />
		<Unit filename="wxJSON/jsonval.h" />
		<Unit filename="wxJSON/jsonwriter.cpp" />
		<Unit filename="wxJSON/jsonwriter.h" />
		<Unit filename="wxMIDI/src/wxMidi.cpp" />
		<Unit filename="wxMIDI/src/wxMidi.h" />
		<Unit filename="wxMIDI/src/wxMidiDatabase.cpp" />
		<Unit filename="wxsmith/AddReverseDialog.wxs" />
		<Unit filename="wxsmith/BackgroundPlaylistDialog.wxs" />
		<Unit filename="wxsmith/ButtonDetailsDialog.wxs" />
		<Unit filename="wxsmith/ColourOrderDialog.wxs" />
		<Unit filename="wxsmith/ConfigureMIDITimecodeDialog.wxs" />
		<Unit filename="wxsmith/ConfigureOSC.wxs" />
		<Unit filename="wxsmith/ConfigureTest.wxs" />
		<Unit filename="wxsmith/DeadChannelDialog.wxs" />
		<Unit filename="wxsmith/DimDialog.wxs" />
		<Unit filename="wxsmith/DimWhiteDialog.wxs" />
		<Unit filename="wxsmith/EventARTNetPanel.wxs" />
		<Unit filename="wxsmith/EventARTNetTriggerPanel.wxs" />
		<Unit filename="wxsmith/EventDataPanel.wxs" />
		<Unit filename="wxsmith/EventDialog.wxs" />
		<Unit filename="wxsmith/EventE131Panel.wxs" />
		<Unit filename="wxsmith/EventFPPPanel.wxs" />
		<Unit filename="wxsmith/EventFPPCommandPresetPanel.wxs" />
		<Unit filename="wxsmith/EventLorPanel.wxs" />
		<Unit filename="wxsmith/EventMIDIPanel.wxs" />
		<Unit filename="wxsmith/EventMQTTPanel.wxs" />
		<Unit filename="wxsmith/EventOSCPanel.wxs" />
		<Unit filename="wxsmith/EventPingPanel.wxs" />
		<Unit filename="wxsmith/EventSerialPanel.wxs" />
		<Unit filename="wxsmith/EventStatePanel.wxs" />
		<Unit filename="wxsmith/EventsDialog.wxs" />
		<Unit filename="wxsmith/ExcludeDimDialog.wxs" />
		<Unit filename="wxsmith/ExtraIPDialog.wxs" />
		<Unit filename="wxsmith/ExtraIPsDialog.wxs" />
		<Unit filename="wxsmith/FPPRemotesDialog.wxs" />
		<Unit filename="wxsmith/GammaDialog.wxs" />
		<Unit filename="wxsmith/MatricesDialog1.wxs" />
		<Unit filename="wxsmith/MatrixDialog.wxs" />
		<Unit filename="wxsmith/OptionsDialog.wxs" />
		<Unit filename="wxsmith/OutputProcessingDialog.wxs" />
		<Unit filename="wxsmith/PlayListDialog.wxs" />
		<Unit filename="wxsmith/PlayListItemARTNetTriggerPanel.wxs" />
		<Unit filename="wxsmith/PlayListItemAllOffPanel.wxs" />
		<Unit filename="wxsmith/PlayListItemAudioPanel.wxs" />
		<Unit filename="wxsmith/PlayListItemCURLPanel.wxs" />
		<Unit filename="wxsmith/PlayListItemColourOrganPanel.wxs" />
		<Unit filename="wxsmith/PlayListItemDelayPanel.wxs" />
		<Unit filename="wxsmith/PlayListItemDimPanel.wxs" />
		<Unit filename="wxsmith/PlayListItemESEQPanel.wxs" />
		<Unit filename="wxsmith/PlayListItemFPPEventPanel.wxs" />
		<Unit filename="wxsmith/PlayListItemFSEQPanel.wxs" />
		<Unit filename="wxsmith/PlayListItemFSEQVideoPanel.wxs" />
		<Unit filename="wxsmith/PlayListItemFadePanel.wxs" />
		<Unit filename="wxsmith/PlayListItemFilePanel.wxs" />
		<Unit filename="wxsmith/PlayListItemImagePanel.wxs" />
		<Unit filename="wxsmith/PlayListItemJukeboxPanel.wxs" />
		<Unit filename="wxsmith/PlayListItemMIDIPanel.wxs" />
		<Unit filename="wxsmith/PlayListItemMQTTPanel.wxs" />
		<Unit filename="wxsmith/PlayListItemMicrophonePanel.wxs" />
		<Unit filename="wxsmith/PlayListItemOSCPanel.wxs" />
		<Unit filename="wxsmith/PlayListItemPluginPanel.wxs" />
		<Unit filename="wxsmith/PlayListItemProjectorPanel.wxs" />
		<Unit filename="wxsmith/PlayListItemRDSPanel.wxs" />
		<Unit filename="wxsmith/PlayListItemRunCommandPanel.wxs" />
		<Unit filename="wxsmith/PlayListItemRunProcessPanel.wxs" />
		<Unit filename="wxsmith/PlayListItemScreenMapPanel.wxs" />
		<Unit filename="wxsmith/PlayListItemSerialPanel.wxs" />
		<Unit filename="wxsmith/PlayListItemSetColourPanel.wxs" />
		<Unit filename="wxsmith/PlayListItemTestPanel.wxs" />
		<Unit filename="wxsmith/PlayListItemTextPanel.wxs" />
		<Unit filename="wxsmith/PlayListItemVideoPanel.wxs" />
		<Unit filename="wxsmith/PlayListPanel.wxs" />
		<Unit filename="wxsmith/PlayListSimpleDialog.wxs" />
		<Unit filename="wxsmith/PlayListStepPanel.wxs" />
		<Unit filename="wxsmith/PlayerFrame.wxs" />
		<Unit filename="wxsmith/ProjectorDetailsDialog.wxs" />
		<Unit filename="wxsmith/RemapDialog.wxs" />
		<Unit filename="wxsmith/RemoteModeConfigDialog.wxs" />
		<Unit filename="wxsmith/ScheduleDialog.wxs" />
		<Unit filename="wxsmith/SetDialog.wxs" />
		<Unit filename="wxsmith/SustainDialog.wxs" />
		<Unit filename="wxsmith/ThreeToFourDialog.wxs" />
		<Unit filename="wxsmith/VideoWindowPositionDialog.wxs" />
		<Unit filename="wxsmith/VirtualMatricesDialog1.wxs" />
		<Unit filename="wxsmith/VirtualMatrixDialog.wxs" />
		<Unit filename="wxsmith/xScheduleframe.wxs" />
		<Unit filename="xScheduleApp.cpp" />
		<Unit filename="xScheduleApp.h" />
		<Unit filename="xScheduleMain.cpp" />
		<Unit filename="xScheduleMain.h" />
		<Unit filename="xSchedulePlugin.h" />
		<Extensions>
			<lib_finder disable_auto="1" />
			<wxsmith version="1">
				<gui name="wxWidgets" src="xScheduleApp.cpp" main="xScheduleFrame" init_handlers="necessary" language="CPP" />
				<resources>
					<wxFrame wxs="wxsmith/PlayerFrame.wxs" src="PlayList/PlayerFrame.cpp" hdr="PlayList/PlayerFrame.h" fwddecl="0" i18n="1" name="PlayerFrame" language="CPP" />
					<wxFrame wxs="wxsmith/xScheduleframe.wxs" src="xScheduleMain.cpp" hdr="xScheduleMain.h" fwddecl="0" i18n="1" name="xScheduleFrame" language="CPP" />
					<wxDialog wxs="wxsmith/OptionsDialog.wxs" src="OptionsDialog.cpp" hdr="OptionsDialog.h" fwddecl="0" i18n="1" name="OptionsDialog" language="CPP" />
					<wxDialog wxs="wxsmith/PlayListDialog.wxs" src="PlayList/PlayListDialog.cpp" hdr="PlayList/PlayListDialog.h" fwddecl="0" i18n="1" name="PlayListDialog" language="CPP" />
					<wxDialog wxs="wxsmith/PlayListSimpleDialog.wxs" src="PlayList/PlayListSimpleDialog.cpp" hdr="PlayList/PlayListSimpleDialog.h" fwddecl="0" i18n="1" name="PlayListSimpleDialog" language="CPP" />
					<wxPanel wxs="wxsmith/PlayListItemAllOffPanel.wxs" src="PlayList/PlayListItemAllOffPanel.cpp" hdr="PlayList/PlayListItemAllOffPanel.h" fwddecl="0" i18n="1" name="PlayListItemAllOffPanel" language="CPP" />
					<wxPanel wxs="wxsmith/PlayListItemSetColourPanel.wxs" src="PlayList/PlayListItemSetColourPanel.cpp" hdr="PlayList/PlayListItemSetColourPanel.h" fwddecl="0" i18n="1" name="PlayListItemSetColourPanel" language="CPP" />
					<wxPanel wxs="wxsmith/PlayListItemDelayPanel.wxs" src="PlayList/PlayListItemDelayPanel.cpp" hdr="PlayList/PlayListItemDelayPanel.h" fwddecl="0" i18n="1" name="PlayListItemDelayPanel" language="CPP" />
					<wxPanel wxs="wxsmith/PlayListItemDimPanel.wxs" src="PlayList/PlayListItemDimPanel.cpp" hdr="PlayList/PlayListItemDimPanel.h" fwddecl="0" i18n="1" name="PlayListItemDimPanel" language="CPP" />
					<wxPanel wxs="wxsmith/PlayListItemImagePanel.wxs" src="PlayList/PlayListItemImagePanel.cpp" hdr="PlayList/PlayListItemImagePanel.h" fwddecl="0" i18n="1" name="PlayListItemImagePanel" language="CPP" />
					<wxPanel wxs="wxsmith/PlayListItemJukeboxPanel.wxs" src="PlayList/PlayListItemJukeboxPanel.cpp" hdr="PlayList/PlayListItemJukeboxPanel.h" fwddecl="0" i18n="1" name="PlayListItemJukeboxPanel" language="CPP" />
					<wxPanel wxs="wxsmith/PlayListItemMIDIPanel.wxs" src="PlayList/PlayListItemMIDIPanel.cpp" hdr="PlayList/PlayListItemMIDIPanel.h" fwddecl="0" i18n="1" name="PlayListItemMIDIPanel" language="CPP" />
					<wxPanel wxs="wxsmith/PlayListItemPluginPanel.wxs" src="PlayList/PlayListItemPluginPanel.cpp" hdr="PlayList/PlayListItemPluginPanel.h" fwddecl="0" i18n="1" name="PlayListItemPluginPanel" language="CPP" />
					<wxPanel wxs="wxsmith/PlayListItemProjectorPanel.wxs" src="PlayList/PlayListItemProjectorPanel.cpp" hdr="PlayList/PlayListItemProjectorPanel.h" fwddecl="0" i18n="1" name="PlayListItemProjectorPanel" language="CPP" />
					<wxPanel wxs="wxsmith/PlayListItemRunCommandPanel.wxs" src="PlayList/PlayListItemRunCommandPanel.cpp" hdr="PlayList/PlayListItemRunCommandPanel.h" fwddecl="0" i18n="1" name="PlayListItemRunCommandPanel" language="CPP" />
					<wxPanel wxs="wxsmith/PlayListItemCURLPanel.wxs" src="PlayList/PlayListItemCURLPanel.cpp" hdr="PlayList/PlayListItemCURLPanel.h" fwddecl="0" i18n="1" name="PlayListItemCURLPanel" language="CPP" />
					<wxPanel wxs="wxsmith/PlayListItemSerialPanel.wxs" src="PlayList/PlayListItemSerialPanel.cpp" hdr="PlayList/PlayListItemSerialPanel.h" fwddecl="0" i18n="1" name="PlayListItemSerialPanel" language="CPP" />
					<wxPanel wxs="wxsmith/PlayListItemESEQPanel.wxs" src="PlayList/PlayListItemESEQPanel.cpp" hdr="PlayList/PlayListItemESEQPanel.h" fwddecl="0" i18n="1" name="PlayListItemESEQPanel" language="CPP" />
					<wxPanel wxs="wxsmith/PlayListItemFadePanel.wxs" src="PlayList/PlayListItemFadePanel.cpp" hdr="PlayList/PlayListItemFadePanel.h" fwddecl="0" i18n="1" name="PlayListItemFadePanel" language="CPP" />
					<wxPanel wxs="wxsmith/PlayListItemFilePanel.wxs" src="PlayList/PlayListItemFilePanel.cpp" hdr="PlayList/PlayListItemFilePanel.h" fwddecl="0" i18n="1" name="PlayListItemFilePanel" language="CPP" />
					<wxPanel wxs="wxsmith/PlayListItemFPPEventPanel.wxs" src="PlayList/PlayListItemFPPEventPanel.cpp" hdr="PlayList/PlayListItemFPPEventPanel.h" fwddecl="0" i18n="1" name="PlayListItemFPPEventPanel" language="CPP" />
					<wxPanel wxs="wxsmith/PlayListItemARTNetTriggerPanel.wxs" src="PlayList/PlayListItemARTNetTriggerPanel.cpp" hdr="PlayList/PlayListItemARTNetTriggerPanel.h" fwddecl="0" i18n="1" name="PlayListItemARTNetTriggerPanel" language="CPP" />
					<wxPanel wxs="wxsmith/PlayListItemFSEQPanel.wxs" src="PlayList/PlayListItemFSEQPanel.cpp" hdr="PlayList/PlayListItemFSEQPanel.h" fwddecl="0" i18n="1" name="PlayListItemFSEQPanel" language="CPP" />
					<wxPanel wxs="wxsmith/PlayListItemFSEQPanel.wxs" src="PlayList/PlayListItemFSEQPanel.cpp" hdr="PlayList/PlayListItemFSEQPanel.h" fwddecl="0" i18n="1" name="PlayListItemFSEQPanel" language="CPP" />
					<wxPanel wxs="wxsmith/PlayListItemFSEQVideoPanel.wxs" src="PlayList/PlayListItemFSEQVideoPanel.cpp" hdr="PlayList/PlayListItemFSEQVideoPanel.h" fwddecl="0" i18n="1" name="PlayListItemFSEQVideoPanel" language="CPP" />
					<wxPanel wxs="wxsmith/PlayListItemAudioPanel.wxs" src="PlayList/PlayListItemAudioPanel.cpp" hdr="PlayList/PlayListItemAudioPanel.h" fwddecl="0" i18n="1" name="PlayListItemAudioPanel" language="CPP" />
					<wxPanel wxs="wxsmith/PlayListItemVideoPanel.wxs" src="PlayList/PlayListItemVideoPanel.cpp" hdr="PlayList/PlayListItemVideoPanel.h" fwddecl="0" i18n="1" name="PlayListItemVideoPanel" language="CPP" />
					<wxPanel wxs="wxsmith/PlayListItemMQTTPanel.wxs" src="PlayList/PlayListItemMQTTPanel.cpp" hdr="PlayList/PlayListItemMQTTPanel.h" fwddecl="0" i18n="1" name="PlayListItemMQTTPanel" language="CPP" />
					<wxPanel wxs="wxsmith/PlayListItemOSCPanel.wxs" src="PlayList/PlayListItemOSCPanel.cpp" hdr="PlayList/PlayListItemOSCPanel.h" fwddecl="0" i18n="1" name="PlayListItemOSCPanel" language="CPP" />
					<wxPanel wxs="wxsmith/PlayListItemRunProcessPanel.wxs" src="PlayList/PlayListItemRunProcessPanel.cpp" hdr="PlayList/PlayListItemRunProcessPanel.h" fwddecl="0" i18n="1" name="PlayListItemRunProcessPanel" language="CPP" />
					<wxPanel wxs="wxsmith/PlayListPanel.wxs" src="PlayList/PlayListPanel.cpp" hdr="PlayList/PlayListPanel.h" fwddecl="0" i18n="1" name="PlayListPanel" language="CPP" />
					<wxPanel wxs="wxsmith/PlayListStepPanel.wxs" src="PlayList/PlayListStepPanel.cpp" hdr="PlayList/PlayListStepPanel.h" fwddecl="0" i18n="1" name="PlayListStepPanel" language="CPP" />
					<wxDialog wxs="wxsmith/VideoWindowPositionDialog.wxs" src="PlayList/VideoWindowPositionDialog.cpp" hdr="PlayList/VideoWindowPositionDialog.h" fwddecl="0" i18n="1" name="VideoWindowPositionDialog" language="CPP" />
					<wxDialog wxs="wxsmith/ScheduleDialog.wxs" src="ScheduleDialog.cpp" hdr="ScheduleDialog.h" fwddecl="0" i18n="1" name="ScheduleDialog" language="CPP" />
					<wxDialog wxs="wxsmith/ProjectorDetailsDialog.wxs" src="ProjectorDetailsDialog.cpp" hdr="ProjectorDetailsDialog.h" fwddecl="0" i18n="1" name="ProjectorDetailsDialog" language="CPP" />
					<wxDialog wxs="wxsmith/ButtonDetailsDialog.wxs" src="ButtonDetailsDialog.cpp" hdr="ButtonDetailsDialog.h" fwddecl="0" i18n="1" name="ButtonDetailsDialog" language="CPP" />
					<wxPanel wxs="wxsmith/PlayListItemRDSPanel.wxs" src="PlayList/PlayListItemRDSPanel.cpp" hdr="PlayList/PlayListItemRDSPanel.h" fwddecl="0" i18n="1" name="PlayListItemRDSPanel" language="CPP" />
					<wxPanel wxs="wxsmith/PlayListItemTestPanel.wxs" src="PlayList/PlayListItemTestPanel.cpp" hdr="PlayList/PlayListItemTestPanel.h" fwddecl="0" i18n="1" name="PlayListItemTestPanel" language="CPP" />
					<wxPanel wxs="wxsmith/PlayListItemColourOrganPanel.wxs" src="PlayList/PlayListItemColourOrganPanel.cpp" hdr="PlayList/PlayListItemColourOrganPanel.h" fwddecl="0" i18n="1" name="PlayListItemColourOrganPanel" language="CPP" />
					<wxPanel wxs="wxsmith/PlayListItemMicrophonePanel.wxs" src="PlayList/PlayListItemMicrophonePanel.cpp" hdr="PlayList/PlayListItemMicrophonePanel.h" fwddecl="0" i18n="1" name="PlayListItemMicrophonePanel" language="CPP" />
					<wxDialog wxs="wxsmith/OutputProcessingDialog.wxs" src="OutputProcessingDialog.cpp" hdr="OutputProcessingDialog.h" fwddecl="0" i18n="1" name="OutputProcessingDialog" language="CPP" />
					<wxDialog wxs="wxsmith/DimDialog.wxs" src="DimDialog.cpp" hdr="DimDialog.h" fwddecl="0" i18n="1" name="DimDialog" language="CPP" />
					<wxDialog wxs="wxsmith/DimWhiteDialog.wxs" src="DimWhiteDialog.cpp" hdr="DimWhiteDialog.h" fwddecl="0" i18n="1" name="DimWhiteDialog" language="CPP" />
					<wxDialog wxs="wxsmith/ExcludeDimDialog.wxs" src="ExcludeDimDialog.cpp" hdr="ExcludeDimDialog.h" fwddecl="0" i18n="1" name="ExcludeDimDialog" language="CPP" />
					<wxDialog wxs="wxsmith/RemapDialog.wxs" src="RemapDialog.cpp" hdr="RemapDialog.h" fwddecl="0" i18n="1" name="RemapDialog" language="CPP" />
					<wxDialog wxs="wxsmith/SetDialog.wxs" src="SetDialog.cpp" hdr="SetDialog.h" fwddecl="0" i18n="1" name="SetDialog" language="CPP" />
					<wxDialog wxs="wxsmith/BackgroundPlaylistDialog.wxs" src="BackgroundPlaylistDialog.cpp" hdr="BackgroundPlaylistDialog.h" fwddecl="0" i18n="1" name="BackgroundPlaylistDialog" language="CPP" />
					<wxDialog wxs="wxsmith/ColourOrderDialog.wxs" src="ColourOrderDialog.cpp" hdr="ColourOrderDialog.h" fwddecl="0" i18n="1" name="ColourOrderDialog" language="CPP" />
					<wxDialog wxs="wxsmith/AddReverseDialog.wxs" src="AddReverseDialog.cpp" hdr="AddReverseDialog.h" fwddecl="0" i18n="1" name="AddReverseDialog" language="CPP" />
					<wxDialog wxs="wxsmith/MatrixDialog.wxs" src="MatrixDialog.cpp" hdr="MatrixDialog.h" fwddecl="0" i18n="1" name="MatrixDialog" language="CPP" />
					<wxDialog wxs="wxsmith/MatricesDialog1.wxs" src="MatricesDialog.cpp" hdr="MatricesDialog.h" fwddecl="0" i18n="1" name="MatricesDialog" language="CPP" />
					<wxDialog wxs="wxsmith/VirtualMatrixDialog.wxs" src="VirtualMatrixDialog.cpp" hdr="VirtualMatrixDialog.h" fwddecl="0" i18n="1" name="VirtualMatrixDialog" language="CPP" />
					<wxDialog wxs="wxsmith/VirtualMatricesDialog1.wxs" src="VirtualMatricesDialog.cpp" hdr="VirtualMatricesDialog.h" fwddecl="0" i18n="1" name="VirtualMatricesDialog" language="CPP" />
					<wxPanel wxs="wxsmith/PlayListItemScreenMapPanel.wxs" src="PlayList/PlayListItemScreenMapPanel.cpp" hdr="PlayList/PlayListItemScreenMapPanel.h" fwddecl="0" i18n="1" name="PlayListItemScreenMapPanel" language="CPP" />
					<wxPanel wxs="wxsmith/PlayListItemTextPanel.wxs" src="PlayList/PlayListItemTextPanel.cpp" hdr="PlayList/PlayListItemTextPanel.h" fwddecl="0" i18n="1" name="PlayListItemTextPanel" language="CPP" />
					<wxDialog wxs="wxsmith/FPPRemotesDialog.wxs" src="FPPRemotesDialog.cpp" hdr="FPPRemotesDialog.h" fwddecl="0" i18n="1" name="FPPRemotesDialog" language="CPP" />
					<wxDialog wxs="wxsmith/GammaDialog.wxs" src="GammaDialog.cpp" hdr="GammaDialog.h" fwddecl="0" i18n="1" name="GammaDialog" language="CPP" />
					<wxDialog wxs="wxsmith/DeadChannelDialog.wxs" src="DeadChannelDialog.cpp" hdr="DeadChannelDialog.h" fwddecl="0" i18n="1" name="DeadChannelDialog" language="CPP" />
					<wxDialog wxs="wxsmith/ConfigureOSC.wxs" src="ConfigureOSC.cpp" hdr="ConfigureOSC.h" fwddecl="0" i18n="1" name="ConfigureOSC" language="CPP" />
					<wxDialog wxs="wxsmith/ThreeToFourDialog.wxs" src="ThreeToFourDialog.cpp" hdr="ThreeToFourDialog.h" fwddecl="0" i18n="1" name="ThreeToFourDialog" language="CPP" />
					<wxDialog wxs="wxsmith/EventsDialog.wxs" src="EventsDialog.cpp" hdr="EventsDialog.h" fwddecl="0" i18n="1" name="EventsDialog" language="CPP" />
					<wxDialog wxs="wxsmith/EventDialog.wxs" src="EventDialog.cpp" hdr="EventDialog.h" fwddecl="0" i18n="1" name="EventDialog" language="CPP" />
					<wxPanel wxs="wxsmith/EventE131Panel.wxs" src="EventE131Panel.cpp" hdr="EventE131Panel.h" fwddecl="0" i18n="1" name="EventE131Panel" language="CPP" />
					<wxPanel wxs="wxsmith/EventARTNetPanel.wxs" src="EventARTNetPanel.cpp" hdr="EventARTNetPanel.h" fwddecl="0" i18n="1" name="EventARTNetPanel" language="CPP" />
					<wxPanel wxs="wxsmith/EventARTNetTriggerPanel.wxs" src="EventARTNetTriggerPanel.cpp" hdr="EventARTNetTriggerPanel.h" fwddecl="0" i18n="1" name="EventARTNetTriggerPanel" language="CPP" />
					<wxPanel wxs="wxsmith/EventSerialPanel.wxs" src="EventSerialPanel.cpp" hdr="EventSerialPanel.h" fwddecl="0" i18n="1" name="EventSerialPanel" language="CPP" />
					<wxPanel wxs="wxsmith/EventMIDIPanel.wxs" src="EventMIDIPanel.cpp" hdr="EventMIDIPanel.h" fwddecl="0" i18n="1" name="EventMIDIPanel" language="CPP" />
					<wxPanel wxs="wxsmith/EventMQTTPanel.wxs" src="EventMQTTPanel.cpp" hdr="EventMQTTPanel.h" fwddecl="0" i18n="1" name="EventMQTTPanel" language="CPP" />
					<wxPanel wxs="wxsmith/EventOSCPanel.wxs" src="EventOSCPanel.cpp" hdr="EventOSCPanel.h" fwddecl="0" i18n="1" name="EventOSCPanel" language="CPP" />
					<wxPanel wxs="wxsmith/EventDataPanel.wxs" src="EventDataPanel.cpp" hdr="EventDataPanel.h" fwddecl="0" i18n="1" name="EventDataPanel" language="CPP" />
					<wxPanel wxs="wxsmith/EventFPPPanel.wxs" src="EventFPPPanel.cpp" hdr="EventFPPPanel.h" fwddecl="0" i18n="1" name="EventFPPPanel" language="CPP" />
					<wxPanel wxs="wxsmith/EventFPPCommandPresetPanel.wxs" src="EventFPPCommandPresetPanel.cpp" hdr="EventFPPCommandPresetPanel.h" fwddecl="0" i18n="1" name="EventFPPCommandPresetPanel" language="CPP" />
					<wxPanel wxs="wxsmith/EventStatePanel.wxs" src="EventStatePanel.cpp" hdr="EventStatePanel.h" fwddecl="0" i18n="1" name="EventStatePanel" language="CPP" />
					<wxPanel wxs="wxsmith/EventLorPanel.wxs" src="EventLorPanel.cpp" hdr="EventLorPanel.h" fwddecl="0" i18n="1" name="EventLorPanel" language="CPP" />
					<wxDialog wxs="wxsmith/SustainDialog.wxs" src="SustainDialog.cpp" hdr="SustainDialog.h" fwddecl="0" i18n="1" name="SustainDialog" language="CPP" />
					<wxPanel wxs="wxsmith/EventPingPanel.wxs" src="EventPingPanel.cpp" hdr="EventPingPanel.h" fwddecl="0" i18n="1" name="EventPingPanel" language="CPP" />
					<wxDialog wxs="wxsmith/ConfigureMIDITimecodeDialog.wxs" src="ConfigureMIDITimecodeDialog.cpp" hdr="ConfigureMIDITimecodeDialog.h" fwddecl="0" i18n="1" name="ConfigureMIDITimecodeDialog" language="CPP" />
					<wxDialog wxs="wxsmith/ExtraIPsDialog.wxs" src="ExtraIPsDialog.cpp" hdr="ExtraIPsDialog.h" fwddecl="0" i18n="1" name="ExtraIPsDialog" language="CPP" />
					<wxDialog wxs="wxsmith/ExtraIPDialog.wxs" src="ExtraIPDialog.cpp" hdr="ExtraIPDialog.h" fwddecl="0" i18n="1" name="ExtraIPDialog" language="CPP" />
					<wxDialog wxs="wxsmith/ConfigureTest.wxs" src="ConfigureTest.cpp" hdr="ConfigureTest.h" fwddecl="0" i18n="1" name="ConfigureTest" language="CPP" />
					<wxDialog wxs="wxsmith/RemoteModeConfigDialog.wxs" src="RemoteModeConfigDialog.cpp" hdr="RemoteModeConfigDialog.h" fwddecl="0" i18n="1" name="RemoteModeConfigDialog" language="CPP" />
				</resources>
			</wxsmith>
		</Extensions>
	</Project>
</CodeBlocks_project_file>
