<?xml version="1.0" encoding="UTF-8" standalone="yes" ?>
<CodeBlocks_project_file>
	<FileVersion major="1" minor="6" />
	<Project>
		<Option title="xLights" />
		<Option pch_mode="0" />
		<Option compiler="gcc" />
		<Build>
			<Target title="DebugWindows">
				<Option platforms="Windows;" />
				<Option output="../bin/xLights" prefix_auto="1" extension_auto="1" />
				<Option type="0" />
				<Option compiler="gcc" />
				<Option projectLinkerOptionsRelation="2" />
				<Compiler>
					<Add option="-g" />
					<Add option="-pipe" />
					<Add option="-mthreads" />
					<Add option='[[if ((GetCompilerFactory().GetCompilerVersionString(_T(&quot;gcc&quot;)) &gt;= _T(&quot;4.0.0&quot;))) print(_T(&quot;-Wno-attributes&quot;));]]' />
					<Add option="-D__GNUWIN32__" />
					<Add option="-D__WXMSW__" />
					<Add option="-DWXUSINGDLL" />
					<Add option="-D__WXDEBUG__" />
					<Add directory="$(#wx)/lib/gcc_dll/mswud" />
				</Compiler>
				<ResourceCompiler>
					<Add directory="$(#wx)/include" />
					<Add directory="$(#wx)/lib/gcc_dll/mswud" />
				</ResourceCompiler>
				<Linker>
					<Add option="-mthreads" />
					<Add library="libwxmsw29ud.a" />
				</Linker>
			</Target>
			<Target title="ReleaseWindows">
				<Option platforms="Windows;" />
				<Option output="../bin/xLights" prefix_auto="1" extension_auto="1" />
				<Option type="0" />
				<Option compiler="gcc" />
				<Option projectLinkerOptionsRelation="2" />
				<Compiler>
					<Add option="-O2" />
					<Add option="-pipe" />
					<Add option="-mthreads" />
					<Add option='[[if ((GetCompilerFactory().GetCompilerVersionString(_T(&quot;gcc&quot;)) &gt;= _T(&quot;4.0.0&quot;))) print(_T(&quot;-Wno-attributes&quot;));]]' />
					<Add option="-D__GNUWIN32__" />
					<Add option="-D__WXMSW__" />
					<Add option="-DWXUSINGDLL" />
					<Add option="-DNDEBUG" />
					<Add directory="$(#wx)/lib/gcc_dll/mswu" />
				</Compiler>
				<ResourceCompiler>
					<Add directory="$(#wx)/include" />
					<Add directory="$(#wx)/lib/gcc_dll/mswu" />
				</ResourceCompiler>
				<Linker>
					<Add option="-s" />
					<Add option="-mthreads" />
					<Add library="libwxmsw29u.a" />
				</Linker>
			</Target>
			<Target title="DebugLinux">
				<Option platforms="Unix;" />
				<Option output="../bin/xLights" prefix_auto="1" extension_auto="1" />
				<Option type="0" />
				<Option compiler="gcc" />
				<Option projectLinkerOptionsRelation="2" />
				<Compiler>
					<Add option="-Wall" />
					<Add option="-g" />
					<Add option="`wx-config --cflags`" />
					<Add option="-Winvalid-pch" />
					<Add option="-DWX_PRECOMP" />
					<Add option="-D__WXDEBUG__" />
				</Compiler>
				<Linker>
					<Add option="`wx-config --libs std,media`" />
				</Linker>
			</Target>
			<Target title="ReleaseLinux">
				<Option platforms="Unix;" />
				<Option output="../bin/xLights" prefix_auto="1" extension_auto="1" />
				<Option type="0" />
				<Option compiler="gcc" />
				<Option projectLinkerOptionsRelation="2" />
				<Compiler>
					<Add option="-O2" />
					<Add option="-Wall" />
					<Add option="`wx-config --version=2.9 --cflags`" />
					<Add option="-Winvalid-pch" />
					<Add option="-DWX_PRECOMP" />
					<Add option="-DNDEBUG" />
				</Compiler>
				<Linker>
					<Add option="-s" />
					<Add option="`wx-config --version=2.9 --libs std,media`" />
				</Linker>
			</Target>
		</Build>
		<Compiler>
			<Add option="-DwxUSE_UNICODE" />
		</Compiler>
		<Unit filename="AddShowDialog.cpp" />
		<Unit filename="AddShowDialog.h" />
		<Unit filename="ChannelLayoutDialog.cpp" />
		<Unit filename="ChannelLayoutDialog.h" />
		<Unit filename="ChannelMapDialog.cpp" />
		<Unit filename="ChannelMapDialog.h" />
		<Unit filename="CustomModelDialog.cpp" />
		<Unit filename="CustomModelDialog.h" />
		<Unit filename="E131Dialog.cpp" />
		<Unit filename="E131Dialog.h" />
		<Unit filename="EffectListDialog.cpp" />
		<Unit filename="EffectListDialog.h" />
		<Unit filename="ModelClass.cpp" />
		<Unit filename="ModelClass.h" />
		<Unit filename="ModelDialog.cpp" />
		<Unit filename="ModelDialog.h" />
		<Unit filename="ModelListDialog.cpp" />
		<Unit filename="ModelListDialog.h" />
		<Unit filename="NetInfo.cpp" />
		<Unit filename="NetInfo.h" />
		<Unit filename="PaletteMgmtDialog.cpp" />
		<Unit filename="PaletteMgmtDialog.h" />
		<Unit filename="PixelBuffer.cpp" />
		<Unit filename="PixelBuffer.h" />
		<Unit filename="PlaybackOptionsDialog.cpp" />
		<Unit filename="PlaybackOptionsDialog.h" />
		<Unit filename="PlayerFrame.cpp" />
		<Unit filename="PlayerFrame.h" />
		<Unit filename="RenderBars.cpp" />
		<Unit filename="RenderButterfly.cpp" />
		<Unit filename="RenderCircles.cpp" />
		<Unit filename="RenderColorWash.cpp" />
		<Unit filename="RenderFire.cpp" />
		<Unit filename="RenderFireworks.cpp" />
		<Unit filename="RenderGarlands.cpp" />
		<Unit filename="RenderLife.cpp" />
		<Unit filename="RenderMeteors.cpp" />
		<Unit filename="RenderPiano.cpp" />
		<Unit filename="RenderPictures.cpp" />
		<Unit filename="RenderSnowflakes.cpp" />
		<Unit filename="RenderSnowstorm.cpp" />
		<Unit filename="RenderSpirals.cpp" />
		<Unit filename="RenderSpirograph.cpp" />
		<Unit filename="RenderText.cpp" />
		<Unit filename="RenderTree.cpp" />
		<Unit filename="RenderTwinkle.cpp" />
		<Unit filename="RgbEffects.cpp" />
		<Unit filename="RgbEffects.h" />
		<Unit filename="SeqElementMismatchDialog.cpp" />
		<Unit filename="SeqElementMismatchDialog.h" />
		<Unit filename="SeqExportDialog.cpp" />
		<Unit filename="SeqExportDialog.h" />
		<Unit filename="SeqOpenDialog.cpp" />
		<Unit filename="SeqOpenDialog.h" />
		<Unit filename="SeqParmsDialog.cpp" />
		<Unit filename="SeqParmsDialog.h" />
		<Unit filename="SerialPortWithRate.cpp" />
		<Unit filename="SerialPortWithRate.h" />
		<Unit filename="ShowDatesDialog.cpp" />
		<Unit filename="ShowDatesDialog.h" />
		<Unit filename="TabConvert.cpp">
			<Option compile="0" />
			<Option link="0" />
		</Unit>
		<Unit filename="TabSchedule.cpp">
			<Option compile="0" />
			<Option link="0" />
		</Unit>
		<Unit filename="TabSequence.cpp">
			<Option compile="0" />
			<Option link="0" />
		</Unit>
		<Unit filename="TabSetup.cpp">
			<Option compile="0" />
			<Option link="0" />
		</Unit>
		<Unit filename="TabTest.cpp">
			<Option compile="0" />
			<Option link="0" />
		</Unit>
		<Unit filename="resource.rc">
			<Option compilerVar="WINDRES" />
			<Option target="DebugWindows" />
			<Option target="ReleaseWindows" />
		</Unit>
		<Unit filename="serial.cpp" />
		<Unit filename="serial.h" />
		<Unit filename="serial_osx.cpp">
			<Option compile="0" />
			<Option link="0" />
		</Unit>
		<Unit filename="serial_posix.cpp">
			<Option compile="0" />
			<Option link="0" />
		</Unit>
		<Unit filename="serial_win32.cpp">
			<Option compile="0" />
			<Option link="0" />
		</Unit>
		<Unit filename="wx_pch.h" />
		<Unit filename="wxsmith/ChannelMapDialog.wxs" />
		<Unit filename="wxsmith/CustomModelDialog.wxs" />
		<Unit filename="wxsmith/PaletteMgmtDialog.wxs" />
		<Unit filename="wxsmith/PlaybackOptionsDialog.wxs" />
		<Unit filename="wxsmith/PlayerFrame.wxs" />
		<Unit filename="wxsmith/SeqElementMismatchDialog.wxs" />
		<Unit filename="wxsmith/SeqExportDialog.wxs" />
		<Unit filename="wxsmith/SeqOpenDialog.wxs" />
		<Unit filename="wxsmith/SeqParmsDialog.wxs" />
		<Unit filename="wxsmith/xLightsframe.wxs" />
		<Unit filename="xLightsApp.cpp" />
		<Unit filename="xLightsApp.h" />
		<Unit filename="xLightsBasic.cpp">
			<Option compile="0" />
			<Option link="0" />
		</Unit>
		<Unit filename="xLightsMain.cpp" />
		<Unit filename="xLightsMain.h" />
		<Unit filename="xlights_out.cpp" />
		<Unit filename="xlights_out.h" />
		<Extensions>
			<code_completion />
			<debugger />
			<wxsmith version="1">
				<gui name="wxWidgets" src="xLightsApp.cpp" main="xLightsFrame" init_handlers="necessary" language="CPP" />
				<resources>
					<wxFrame wxs="wxsmith/xLightsframe.wxs" src="xLightsMain.cpp" hdr="xLightsMain.h" fwddecl="0" i18n="1" name="xLightsFrame" language="CPP" />
					<wxDialog wxs="wxsmith/SerialPortWithRate.wxs" src="SerialPortWithRate.cpp" hdr="SerialPortWithRate.h" fwddecl="0" i18n="1" name="SerialPortWithRate" language="CPP" />
					<wxDialog wxs="wxsmith/E131Dialog.wxs" src="E131Dialog.cpp" hdr="E131Dialog.h" fwddecl="0" i18n="1" name="E131Dialog" language="CPP" />
					<wxFrame wxs="wxsmith/PlayerFrame.wxs" src="PlayerFrame.cpp" hdr="PlayerFrame.h" fwddecl="0" i18n="1" name="PlayerFrame" language="CPP" />
					<wxDialog wxs="wxsmith/AddShowDialog.wxs" src="AddShowDialog.cpp" hdr="AddShowDialog.h" fwddecl="0" i18n="1" name="AddShowDialog" language="CPP" />
					<wxDialog wxs="wxsmith/ShowDatesDialog.wxs" src="ShowDatesDialog.cpp" hdr="ShowDatesDialog.h" fwddecl="0" i18n="1" name="ShowDatesDialog" language="CPP" />
					<wxDialog wxs="wxsmith/PlaybackOptionsDialog.wxs" src="PlaybackOptionsDialog.cpp" hdr="PlaybackOptionsDialog.h" fwddecl="0" i18n="1" name="PlaybackOptionsDialog" language="CPP" />
					<wxDialog wxs="wxsmith/ModelDialog.wxs" src="ModelDialog.cpp" hdr="ModelDialog.h" fwddecl="0" i18n="1" name="ModelDialog" language="CPP" />
					<wxDialog wxs="wxsmith/ModelListDialog.wxs" src="ModelListDialog.cpp" hdr="ModelListDialog.h" fwddecl="0" i18n="1" name="ModelListDialog" language="CPP" />
					<wxDialog wxs="wxsmith/EffectListDialog.wxs" src="EffectListDialog.cpp" hdr="EffectListDialog.h" fwddecl="0" i18n="1" name="EffectListDialog" language="CPP" />
					<wxDialog wxs="wxsmith/ChannelLayoutDialog.wxs" src="ChannelLayoutDialog.cpp" hdr="ChannelLayoutDialog.h" fwddecl="0" i18n="1" name="ChannelLayoutDialog" language="CPP" />
					<wxDialog wxs="wxsmith/PaletteMgmtDialog.wxs" src="PaletteMgmtDialog.cpp" hdr="PaletteMgmtDialog.h" fwddecl="0" i18n="1" name="PaletteMgmtDialog" language="CPP" />
					<wxDialog wxs="wxsmith/SeqParmsDialog.wxs" src="SeqParmsDialog.cpp" hdr="SeqParmsDialog.h" fwddecl="0" i18n="1" name="SeqParmsDialog" language="CPP" />
					<wxDialog wxs="wxsmith/ChannelMapDialog.wxs" src="ChannelMapDialog.cpp" hdr="ChannelMapDialog.h" fwddecl="0" i18n="1" name="ChannelMapDialog" language="CPP" />
					<wxDialog wxs="wxsmith/SeqElementMismatchDialog.wxs" src="SeqElementMismatchDialog.cpp" hdr="SeqElementMismatchDialog.h" fwddecl="0" i18n="1" name="SeqElementMismatchDialog" language="CPP" />
					<wxDialog wxs="wxsmith/SeqExportDialog.wxs" src="SeqExportDialog.cpp" hdr="SeqExportDialog.h" fwddecl="0" i18n="1" name="SeqExportDialog" language="CPP" />
					<wxDialog wxs="wxsmith/SeqOpenDialog.wxs" src="SeqOpenDialog.cpp" hdr="SeqOpenDialog.h" fwddecl="0" i18n="1" name="SeqOpenDialog" language="CPP" />
					<wxDialog wxs="wxsmith/CustomModelDialog.wxs" src="CustomModelDialog.cpp" hdr="CustomModelDialog.h" fwddecl="0" i18n="1" name="CustomModelDialog" language="CPP" />
				</resources>
			</wxsmith>
			<DoxyBlocks>
				<comment_style block="0" line="0" />
				<doxyfile_project />
				<doxyfile_build />
				<doxyfile_warnings />
				<doxyfile_output />
				<doxyfile_dot />
				<general />
			</DoxyBlocks>
			<envvars />
		</Extensions>
	</Project>
</CodeBlocks_project_file>
