<?xml version="1.0" encoding="UTF-8" standalone="yes" ?>
<CodeBlocks_project_file>
	<FileVersion major="1" minor="6" />
	<Project>
		<Option title="xScanner" />
		<Option pch_mode="0" />
		<Option compiler="gcc" />
		<Build>
			<Target title="MinGW_Debug">
				<Option platforms="Windows;" />
				<Option output="../bin/xScanner" prefix_auto="1" extension_auto="1" />
				<Option object_output=".objs_wd32" />
				<Option type="0" />
				<Option compiler="gcc" />
				<Option projectLinkerOptionsRelation="2" />
				<Compiler>
					<Add option="-march=i586" />
					<Add option="-pedantic" />
					<Add option="-g" />
					<Add option="-pipe" />
					<Add option="-mthreads" />
					<Add option="-std=gnu++17" />
					<Add option="-fno-keep-inline-dllexport" />
					<Add option='[[if ((GetCompilerFactory().GetCompilerVersionString(_T(&quot;gcc&quot;)) &gt;= _T(&quot;4.0.0&quot;))) print(_T(&quot;-Wno-attributes&quot;));]]' />
					<Add option="-D__GNUWIN32__" />
					<Add option="-D__WXMSW__" />
					<Add option="-DWXUSINGDLL" />
					<Add option="-D__WXDEBUG__" />
					<Add option="-D_USE_MATH_DEFINES" />
					<Add directory="$(#wx)/lib/gcc_dll/mswud" />
					<Add directory="$(#wx)/include" />
					<Add directory="include" />
					<Add directory="../xScanner" />
					<Add directory="../include" />
					<Add directory="../xLights" />
				</Compiler>
				<ResourceCompiler>
					<Add directory="$(#wx)/include" />
					<Add directory="$(#wx)/lib/gcc_dll/mswud" />
				</ResourceCompiler>
				<Linker>
					<Add option="-mthreads" />
					<Add option="-lopengl32" />
					<Add option="-Wl,-Map=../bin/xScanner.map" />
					<Add option="-Wl,--large-address-aware" />
					<Add library="libwxmsw33ud.a" />
					<Add library="libwxmsw33ud_gl.a" />
					<Add library="../lib/windows/liblog4cpp.lib" />
					<Add library="../lib/windows/DbgHelp.Lib" />
					<Add library="../lib/windows/iphlpapi.lib" />
					<Add library="../lib/windows/Ws2_32.lib" />
					<Add library="libwinmm.a" />
					<Add directory="$(#wx)/lib/gcc_dll" />
				</Linker>
			</Target>
			<Target title="MinGW_Release">
				<Option platforms="Windows;" />
				<Option output="../bin/xScanner" prefix_auto="1" extension_auto="1" />
				<Option object_output=".objs_wr32" />
				<Option type="0" />
				<Option compiler="gcc" />
				<Option projectLinkerOptionsRelation="2" />
				<Compiler>
					<Add option="-march=i586" />
					<Add option="-O2" />
					<Add option="-pedantic" />
					<Add option="-std=c++1z" />
					<Add option="-m32" />
					<Add option="-pipe" />
					<Add option="-mthreads" />
					<Add option="-static-libgcc" />
					<Add option="-std=gnu++17" />
					<Add option="-fno-keep-inline-dllexport" />
					<Add option='[[if ((GetCompilerFactory().GetCompilerVersionString(_T(&quot;gcc&quot;)) &gt;= _T(&quot;4.0.0&quot;))) print(_T(&quot;-Wno-attributes&quot;));]]' />
					<Add option="-D__GNUWIN32__" />
					<Add option="-D__WXMSW__" />
					<Add option="-DWXUSINGDLL" />
					<Add option="-DNDEBUG" />
					<Add option="-D_USE_MATH_DEFINES" />
					<Add directory="$(#wx)/lib/gcc_dll/mswu" />
					<Add directory="$(#wx)/include" />
					<Add directory="include" />
					<Add directory="../xScanner" />
					<Add directory="../include" />
					<Add directory="../xLights" />
				</Compiler>
				<ResourceCompiler>
					<Add directory="$(#wx)/include" />
					<Add directory="$(#wx)/lib/gcc_dll/mswu" />
				</ResourceCompiler>
				<Linker>
					<Add option="-O2" />
					<Add option="-s" />
					<Add option="-m32" />
					<Add option="-lopengl32" />
					<Add option="-Wl,-Map=../bin/xScanner.map" />
					<Add option="-Wl,--large-address-aware" />
					<Add option="-lpthread" />
					<Add library="../lib/windows/libwxmsw33u_gl.a" />
					<Add library="../lib/windows/liblog4cpp.lib" />
					<Add library="../lib/windows/imagehlp.lib" />
					<Add library="../lib/windows/iphlpapi.lib" />
					<Add library="../lib/windows/Ws2_32.lib" />
					<Add library="psapi" />
					<Add library="../lib/windows/libwxbase33u.a" />
					<Add library="../lib/windows/libwxbase33u_net.a" />
					<Add library="../lib/windows/libwxbase33u_xml.a" />
					<Add library="../lib/windows/libwxexpat.a" />
					<Add library="../lib/windows/libwxjpeg.a" />
					<Add library="../lib/windows/libwxmsw33u_core.a" />
					<Add library="../lib/windows/libwxmsw33u_qa.a" />
					<Add library="../lib/windows/libwxscintilla.a" />
					<Add directory="../lib/windows" />
				</Linker>
			</Target>
			<Target title="Linux_Debug">
				<Option platforms="Unix;" />
				<Option output="../bin/xScanner" prefix_auto="1" extension_auto="1" />
				<Option object_output=".objs_ld" />
				<Option type="0" />
				<Option compiler="gcc" />
				<Option projectCompilerOptionsRelation="1" />
				<Option projectLinkerOptionsRelation="2" />
				<Compiler>
					<Add option="-Wall" />
					<Add option="-std=gnu++17" />
					<Add option="-g" />
					<Add option="`wx-config --version=3.3 --cflags`" />
					<Add option="`pkg-config --cflags gstreamer-1.0 gstreamer-video-1.0`" />
					<Add option="-Winvalid-pch" />
					<Add option="-DWX_PRECOMP" />
					<Add option="-DLINUX" />
					<Add option="-D__WXDEBUG__" />
					<Add option='-D__cdecl=&quot;&quot;' />
					<Add option="-DEXCLUDENETWORKUI" />
					<Add option="-DDISCOVERYONLY" />
					<Add directory="include" />
					<Add directory="../xScanner" />
					<Add directory="../include" />
					<Add directory="../xLights" />
				</Compiler>
				<Linker>
					<Add option="-lGL -lGLU -lglut -ldl -lX11 -lcurl" />
					<Add option="`pkg-config --libs log4cpp`" />
					<Add option="`wx-config --version=3.3 --libs std,media,gl,aui,propgrid`" />
					<Add option="`pkg-config --libs gstreamer-1.0 gstreamer-video-1.0`" />
					<Add option="-lexpat" />
					<Add option="-rdynamic" />
				</Linker>
			</Target>
			<Target title="Linux_Release">
				<Option platforms="Unix;" />
				<Option output="../bin/xScanner" prefix_auto="1" extension_auto="1" />
				<Option object_output=".objs_lr" />
				<Option type="0" />
				<Option compiler="gcc" />
				<Option projectLinkerOptionsRelation="2" />
				<Compiler>
					<Add option="-O2" />
					<Add option="-std=gnu++17" />
					<Add option="-Wall" />
					<Add option="`wx-config --version=3.3 --cflags`" />
					<Add option="`pkg-config --cflags gstreamer-1.0 gstreamer-video-1.0`" />
					<Add option="-Winvalid-pch" />
					<Add option="-DWX_PRECOMP" />
					<Add option="-DLINUX" />
					<Add option="-DNDEBUG" />
					<Add option="-D__cdecl=&apos;&apos;" />
					<Add option="-DEXCLUDENETWORKUI" />
					<Add option="-DDISCOVERYONLY" />
					<Add directory="include" />
					<Add directory="../xScanner" />
					<Add directory="../include" />
					<Add directory="../xLights" />
				</Compiler>
				<Linker>
					<Add option="-lGL -lGLU -lglut -ldl -lX11 -lcurl" />
					<Add option="`pkg-config --libs log4cpp`" />
					<Add option="`wx-config --version=3.3 --libs std,media,gl,aui,propgrid`" />
					<Add option="`pkg-config --libs gstreamer-1.0 gstreamer-video-1.0`" />
					<Add option="-lexpat" />
					<Add option="-rdynamic" />
				</Linker>
			</Target>
			<Target title="64bit_MinGW_Release">
				<Option platforms="Windows;" />
				<Option output="../bin64/xScanner" prefix_auto="1" extension_auto="1" />
				<Option object_output=".objs_wr64" />
				<Option type="0" />
				<Option compiler="gnu_gcc_64bit_compiler" />
				<Option projectLinkerOptionsRelation="2" />
				<Compiler>
					<Add option="-O2" />
					<Add option="-pedantic" />
					<Add option="-std=c++1z" />
					<Add option="-m64" />
					<Add option="-pipe" />
					<Add option="-mthreads" />
					<Add option="-static-libgcc" />
					<Add option="-std=gnu++17" />
					<Add option="-fno-keep-inline-dllexport" />
					<Add option='[[if ((GetCompilerFactory().GetCompilerVersionString(_T(&quot;gcc&quot;)) &gt;= _T(&quot;4.0.0&quot;))) print(_T(&quot;-Wno-attributes&quot;));]]' />
					<Add option="-D__GNUWIN32__" />
					<Add option="-D__WXMSW__" />
					<Add option="-DWXUSINGDLL" />
					<Add option="-DNDEBUG" />
					<Add option="-D_USE_MATH_DEFINES" />
					<Add directory="include" />
					<Add directory="../xScanner" />
					<Add directory="../include" />
					<Add directory="../xLights" />
					<Add directory="$(#wx)/lib/gcc_dll/mswu" />
					<Add directory="$(#wx)/include" />
				</Compiler>
				<ResourceCompiler>
					<Add directory="$(#wx)/include" />
					<Add directory="$(#wx)/lib/gcc_dll/mswu" />
				</ResourceCompiler>
				<Linker>
					<Add option="-O2" />
					<Add option="-s" />
					<Add option="-m64" />
					<Add option="-Wl,-Map=../bin64/xScanner.map" />
					<Add option="-lpthread" />
					<Add library="../lib/windows64/libwxmsw33u_gl.a" />
					<Add library="../lib/windows64/liblog4cpp.a" />
					<Add library="../lib/windows64/libimagehlp.a" />
					<Add library="../lib/windows64/iphlpapi.lib" />
					<Add library="../lib/windows64/Ws2_32.lib" />
					<Add library="psapi" />
					<Add library="../lib/windows64/libwxbase33u.a" />
					<Add library="../lib/windows64/libwxbase33u_net.a" />
					<Add library="../lib/windows64/libwxbase33u_xml.a" />
					<Add library="../lib/windows64/libwxexpat.a" />
					<Add library="../lib/windows64/libwxjpeg.a" />
					<Add library="../lib/windows64/libwxmsw33u_core.a" />
					<Add library="../lib/windows64/libwxmsw33u_qa.a" />
					<Add library="../lib/windows64/libwxregexu.a" />
					<Add library="../lib/windows64/libwxscintilla.a" />
					<Add directory="../lib/windows64" />
				</Linker>
			</Target>
		</Build>
		<Compiler>
			<Add option="-fno-strict-aliasing" />
			<Add option="-Wno-unused-local-typedefs" />
			<Add option="-DwxUSE_UNICODE" />
			<Add option="-DEXCLUDENETWORKUI" />
			<Add option="-DDISCOVERYONLY" />
		</Compiler>
		<ResourceCompiler>
			<Add directory="$(#wx)/include" />
		</ResourceCompiler>
		<Unit filename="../common/xlBaseApp.cpp" />
		<Unit filename="../common/xlBaseApp.h" />
		<Unit filename="../common/xlStackWalker.h" />
		<Unit filename="../xLights/Discovery.cpp" />
		<Unit filename="../xLights/Discovery.h" />
		<Unit filename="../xLights/ExportSettings.cpp" />
		<Unit filename="../xLights/ExportSettings.h" />
		<Unit filename="../xLights/ExternalHooks.h" />
		<Unit filename="../xLights/IPEntryDialog.h" />
		<Unit filename="../xLights/JobPool.cpp" />
		<Unit filename="../xLights/JobPool.h" />
		<Unit filename="../xLights/Parallel.cpp" />
		<Unit filename="../xLights/Parallel.h" />
		<Unit filename="../xLights/TraceLog.cpp" />
		<Unit filename="../xLights/TraceLog.h" />
		<Unit filename="../xLights/UtilFunctions.cpp" />
		<Unit filename="../xLights/UtilFunctions.h" />
		<Unit filename="../xLights/automation/automation.cpp" />
		<Unit filename="../xLights/automation/automation.h" />
		<Unit filename="../xLights/controllers/BaseController.cpp" />
		<Unit filename="../xLights/controllers/BaseController.h" />
		<Unit filename="../xLights/controllers/ControllerCaps.cpp" />
		<Unit filename="../xLights/controllers/ControllerCaps.h" />
		<Unit filename="../xLights/controllers/FPP.cpp" />
		<Unit filename="../xLights/controllers/FPP.h" />
		<Unit filename="../xLights/controllers/Falcon.cpp" />
		<Unit filename="../xLights/controllers/Falcon.h" />
		<Unit filename="../xLights/controllers/Pixlite16.cpp" />
		<Unit filename="../xLights/controllers/Pixlite16.h" />
		<Unit filename="../xLights/outputs/ArtNetOutput.cpp" />
		<Unit filename="../xLights/outputs/ArtNetOutput.h" />
		<Unit filename="../xLights/outputs/Controller.cpp" />
		<Unit filename="../xLights/outputs/Controller.h" />
		<Unit filename="../xLights/outputs/ControllerEthernet.cpp" />
		<Unit filename="../xLights/outputs/ControllerEthernet.h" />
		<Unit filename="../xLights/outputs/ControllerNull.cpp" />
		<Unit filename="../xLights/outputs/ControllerNull.h" />
		<Unit filename="../xLights/outputs/ControllerSerial.cpp" />
		<Unit filename="../xLights/outputs/ControllerSerial.h" />
		<Unit filename="../xLights/outputs/DDPOutput.cpp" />
		<Unit filename="../xLights/outputs/DDPOutput.h" />
		<Unit filename="../xLights/outputs/DLightOutput.h" />
		<Unit filename="../xLights/outputs/DMXOutput.cpp" />
		<Unit filename="../xLights/outputs/DMXOutput.h" />
		<Unit filename="../xLights/outputs/E131Output.cpp" />
		<Unit filename="../xLights/outputs/E131Output.h" />
		<Unit filename="../xLights/outputs/GenericSerialOutput.cpp" />
		<Unit filename="../xLights/outputs/GenericSerialOutput.h" />
		<Unit filename="../xLights/outputs/IPOutput.cpp" />
		<Unit filename="../xLights/outputs/IPOutput.h" />
		<Unit filename="../xLights/outputs/KinetOutput.cpp" />
		<Unit filename="../xLights/outputs/KinetOutput.h" />
		<Unit filename="../xLights/outputs/LOROptimisedOutput.cpp" />
		<Unit filename="../xLights/outputs/LOROptimisedOutput.h" />
		<Unit filename="../xLights/outputs/LOROutput.cpp" />
		<Unit filename="../xLights/outputs/LOROutput.h" />
		<Unit filename="../xLights/outputs/LorController.cpp" />
		<Unit filename="../xLights/outputs/LorController.h" />
		<Unit filename="../xLights/outputs/LorControllers.cpp" />
		<Unit filename="../xLights/outputs/LorControllers.h" />
		<Unit filename="../xLights/outputs/NullOutput.cpp" />
		<Unit filename="../xLights/outputs/NullOutput.h" />
		<Unit filename="../xLights/outputs/OPCOutput.cpp" />
		<Unit filename="../xLights/outputs/OPCOutput.h" />
		<Unit filename="../xLights/outputs/OpenDMXOutput.cpp" />
		<Unit filename="../xLights/outputs/OpenDMXOutput.h" />
		<Unit filename="../xLights/outputs/OpenPixelNetOutput.cpp" />
		<Unit filename="../xLights/outputs/OpenPixelNetOutput.h" />
		<Unit filename="../xLights/outputs/Output.cpp" />
		<Unit filename="../xLights/outputs/Output.h" />
		<Unit filename="../xLights/outputs/OutputManager.cpp" />
		<Unit filename="../xLights/outputs/OutputManager.h" />
		<Unit filename="../xLights/outputs/PixelNetOutput.cpp" />
		<Unit filename="../xLights/outputs/PixelNetOutput.h" />
		<Unit filename="../xLights/outputs/RenardOutput.cpp" />
		<Unit filename="../xLights/outputs/RenardOutput.h" />
		<Unit filename="../xLights/outputs/SerialOutput.cpp" />
		<Unit filename="../xLights/outputs/SerialOutput.h" />
		<Unit filename="../xLights/outputs/TestPreset.cpp" />
		<Unit filename="../xLights/outputs/TestPreset.h" />
		<Unit filename="../xLights/outputs/TwinklyOutput.cpp" />
		<Unit filename="../xLights/outputs/TwinklyOutput.h" />
		<Unit filename="../xLights/outputs/ZCPP.h" />
		<Unit filename="../xLights/outputs/ZCPPOutput.cpp" />
		<Unit filename="../xLights/outputs/ZCPPOutput.h" />
		<Unit filename="../xLights/outputs/serial.cpp" />
		<Unit filename="../xLights/outputs/serial.h" />
		<Unit filename="../xLights/outputs/xxxEthernetOutput.cpp" />
		<Unit filename="../xLights/outputs/xxxEthernetOutput.h" />
		<Unit filename="../xLights/outputs/xxxSerialOutput.cpp" />
		<Unit filename="../xLights/outputs/xxxSerialOutput.h" />
        <Unit filename="../xLights/utils/Curl.cpp" />
        <Unit filename="../xLights/utils/Curl.h" />
		<Unit filename="../xLights/utils/CurlManager.cpp" />
		<Unit filename="../xLights/utils/CurlManager.h" />
		<Unit filename="../xLights/utils/ip_utils.cpp" />
		<Unit filename="../xLights/utils/ip_utils.h" />
		<Unit filename="../xLights/utils/string_utils.cpp" />
		<Unit filename="../xLights/utils/string_utils.h" />
		<Unit filename="../xLights/xLightsVersion.cpp" />
		<Unit filename="../xLights/xLightsVersion.h" />
		<Unit filename="../xSchedule/wxJSON/json_defs.h" />
		<Unit filename="../xSchedule/wxJSON/jsonreader.cpp" />
		<Unit filename="../xSchedule/wxJSON/jsonreader.h" />
		<Unit filename="../xSchedule/wxJSON/jsonval.cpp" />
		<Unit filename="../xSchedule/wxJSON/jsonval.h" />
		<Unit filename="../xSchedule/wxJSON/jsonwriter.cpp" />
		<Unit filename="../xSchedule/wxJSON/jsonwriter.h" />
		<Unit filename="MAC.cpp" />
		<Unit filename="MAC.h" />
		<Unit filename="ResultDialog.h" />
		<Unit filename="ScanWork.cpp" />
		<Unit filename="ScanWork.h" />
		<Unit filename="UniverseEntryDialog.h" />
		<Unit filename="resource.rc">
			<Option compilerVar="WINDRES" />
			<Option target="MinGW_Debug" />
			<Option target="MinGW_Release" />
			<Option target="64bit_MinGW_Release" />
		</Unit>
		<Unit filename="wxsmith/xScannerframe.wxs" />
		<Unit filename="xScannerApp.cpp" />
		<Unit filename="xScannerApp.h" />
		<Unit filename="xScannerMain.cpp" />
		<Unit filename="xScannerMain.h" />
		<Extensions>
			<lib_finder disable_auto="1" />
			<wxsmith version="1">
				<gui name="wxWidgets" src="xScannerApp.cpp" main="xScannerFrame" init_handlers="necessary" language="CPP" />
				<resources>
					<wxFrame wxs="wxsmith/xScannerframe.wxs" src="xScannerMain.cpp" hdr="xScannerMain.h" fwddecl="0" i18n="1" name="xScannerFrame" language="CPP" />
				</resources>
			</wxsmith>
		</Extensions>
	</Project>
</CodeBlocks_project_file>
