
Microsoft Visual Studio Solution File, Format Version 12.00
# Visual Studio 15
VisualStudioVersion = 15.0.27703.2047
MinimumVisualStudioVersion = 10.0.40219.1
Project("{8BC9CEB8-8B4A-11D0-8D11-00A0C91BC942}") = "wxInclude", "wxInclude.vcxproj", "{1B98BD8F-EACB-4A7B-BE45-35637D6D4F9D}"
EndProject
Global
	GlobalSection(SolutionConfigurationPlatforms) = preSolution
		Debug|Win32 = Debug|Win32
		Release|Win32 = Release|Win32
	EndGlobalSection
	GlobalSection(ProjectConfigurationPlatforms) = postSolution
		{1B98BD8F-EACB-4A7B-BE45-35637D6D4F9D}.Debug|Win32.ActiveCfg = Debug|Win32
		{1B98BD8F-EACB-4A7B-BE45-35637D6D4F9D}.Debug|Win32.Build.0 = Debug|Win32
		{1B98BD8F-EACB-4A7B-BE45-35637D6D4F9D}.Release|Win32.ActiveCfg = Release|Win32
		{1B98BD8F-EACB-4A7B-BE45-35637D6D4F9D}.Release|Win32.Build.0 = Release|Win32
	EndGlobalSection
	GlobalSection(SolutionProperties) = preSolution
		HideSolutionNode = FALSE
	EndGlobalSection
	GlobalSection(ExtensibilityGlobals) = postSolution
		SolutionGuid = {D96FC39A-2A6F-48DC-8680-4BA7EF9B1046}
	EndGlobalSection
EndGlobal
