<?xml version="1.0" encoding="utf-8"?>
<Project ToolsVersion="4.0" xmlns="http://schemas.microsoft.com/developer/msbuild/2003">
  <ItemGroup>
    <ClCompile Include="..\xLights\xLightsVersion.cpp" />
    <ClCompile Include="ResultDialog.cpp" />
    <ClCompile Include="UniverseEntryDialog.cpp" />
    <ClCompile Include="xCaptureApp.cpp" />
    <ClCompile Include="xCaptureMain.cpp" />
    <ClCompile Include="..\xLights\IPEntryDialog.cpp" />
    <ClCompile Include="..\xLights\UtilFunctions.cpp" />
    <ClCompile Include="..\xSchedule\wxJSON\jsonreader.cpp" />
    <ClCompile Include="..\xSchedule\wxJSON\jsonval.cpp" />
    <ClCompile Include="..\common\xlBaseApp.cpp" />
    <ClCompile Include="..\xLights\utils\ip_utils.cpp">
      <Filter>utils</Filter>
    </ClCompile>
    <ClCompile Include="..\xLights\utils\string_utils.cpp">
      <Filter>utils</Filter>
    </ClCompile>
    <ClCompile Include="..\xLights\utils\Curl.cpp">
      <Filter>utils</Filter>
    </ClCompile>
  </ItemGroup>
  <ItemGroup>
    <ClInclude Include="..\xLights\xLightsVersion.h" />
    <ClInclude Include="ResultDialog.h" />
    <ClInclude Include="UniverseEntryDialog.h" />
    <ClInclude Include="xCaptureApp.h" />
    <ClInclude Include="xCaptureMain.h" />
    <ClInclude Include="..\xLights\IPEntryDialog.h" />
    <ClInclude Include="..\xLights\UtilFunctions.h" />
    <ClInclude Include="..\xSchedule\wxJSON\json_defs.h" />
    <ClInclude Include="..\xSchedule\wxJSON\jsonreader.h" />
    <ClInclude Include="..\xSchedule\wxJSON\jsonval.h" />
    <ClInclude Include="..\common\xlBaseApp.h" />
    <ClInclude Include="..\common\xlStackWalker.h" />
    <ClInclude Include="..\xLights\ExternalHooks.h" />
    <ClInclude Include="..\xLights\utils\ip_utils.h">
      <Filter>utils</Filter>
    </ClInclude>
    <ClInclude Include="..\xLights\utils\string_utils.h">
      <Filter>utils</Filter>
    </ClInclude>
    <ClInclude Include="..\xLights\utils\Curl.h">
      <Filter>utils</Filter>
    </ClInclude>
  </ItemGroup>
  <ItemGroup>
    <ResourceCompile Include="resource.rc" />
  </ItemGroup>
  <ItemGroup>
    <Filter Include="utils">
      <UniqueIdentifier>{d23f56fa-54bd-4676-b7e8-bb38fe3bd311}</UniqueIdentifier>
    </Filter>
  </ItemGroup>
</Project>